
Microsoft Visual Studio Solution File, Format Version 12.00
# Visual Studio Version 17
VisualStudioVersion = 17.0.31903.59
MinimumVisualStudioVersion = 10.0.40219.1
Project("{FAE04EC0-301F-11D3-BF4B-00C04F79EFBC}") = "ProjectA", "ProjectA\ProjectA.csproj", "{3AFC0490-C9A3-432E-8D36-0622632F9D3D}"
EndProject
Project("{FAE04EC0-301F-11D3-BF4B-00C04F79EFBC}") = "ProjectB", "ProjectB\ProjectB.csproj", "{4BDC8878-13F6-432C-85BC-CDB9602D3EFD}"
EndProject
Project("{FAE04EC0-301F-11D3-BF4B-00C04F79EFBC}") = "ProjectC", "ProjectC\ProjectC.csproj", "{9EBF27D7-EC6A-43C2-BCB5-A7D0FD9D652B}"
EndProject
Project("{FAE04EC0-301F-11D3-BF4B-00C04F79EFBC}") = "Calculator", "Calculator\Calculator.csproj", "{1526C864-1EA4-4734-AA43-08A76CBB2AF2}"
EndProject
Project("{FAE04EC0-301F-11D3-BF4B-00C04F79EFBC}") = "Constructor", "Constructor\Constructor.csproj", "{FE900524-5C1B-4BE1-B876-88696559C987}"
EndProject
Project("{2150E333-8FDC-42A3-9474-1A3956D46DE8}") = "Day 01", "Day 01", "{61C346AD-8B10-44A2-8D70-95BE3E84881D}"
EndProject
Project("{2150E333-8FDC-42A3-9474-1A3956D46DE8}") = "Day 02", "Day 02", "{CE692B17-D481-451B-AC10-15327283AC94}"
EndProject
Project("{FAE04EC0-301F-11D3-BF4B-00C04F79EFBC}") = "Constructor 2", "Constructor 2\Constructor 2.csproj", "{71C46511-B309-4C09-AC0F-339E3429CCED}"
EndProject
Project("{FAE04EC0-301F-11D3-BF4B-00C04F79EFBC}") = "Constructor 3", "Constructor 3\Constructor 3.csproj", "{70CEF1D7-B8CC-4057-A013-F5810350AE95}"
EndProject
Project("{FAE04EC0-301F-11D3-BF4B-00C04F79EFBC}") = "Car", "Car\Car.csproj", "{D9300FAD-4CA6-40FB-BE79-F85CCCE7CC33}"
EndProject
Project("{FAE04EC0-301F-11D3-BF4B-00C04F79EFBC}") = "Animals", "Animals\Animals.csproj", "{C1A39C7E-F478-4BD5-AD5F-9B27C34D30A4}"
EndProject
Project("{FAE04EC0-301F-11D3-BF4B-00C04F79EFBC}") = "Calculatorr", "Calculatorr\Calculatorr.csproj", "{62FFD81C-CBA6-4000-AD52-3120830A6829}"
EndProject
Project("{FAE04EC0-301F-11D3-BF4B-00C04F79EFBC}") = "Value vs Reference Type", "Value vs Reference Type\Value vs Reference Type.csproj", "{CF421F3E-2CFB-49B1-A561-CBCC698C158E}"
EndProject
Project("{FAE04EC0-301F-11D3-BF4B-00C04F79EFBC}") = "String vs StringBuilder", "String vs StringBuilder\String vs StringBuilder.csproj", "{B92A8F3E-3FC8-4E00-9285-399BC6DDD985}"
EndProject
Project("{FAE04EC0-301F-11D3-BF4B-00C04F79EFBC}") = "CalculatorLib", "CalculatorLib\CalculatorLib.csproj", "{60D37038-558F-4CCD-846D-463E5CED5EA7}"
EndProject
Project("{FAE04EC0-301F-11D3-BF4B-00C04F79EFBC}") = "Encapsulation", "Encapsulation\Encapsulation.csproj", "{3095A1C7-1BBD-4375-8C54-3C0A19E8B362}"
EndProject
Project("{FAE04EC0-301F-11D3-BF4B-00C04F79EFBC}") = "Overriding", "Overriding\Overriding.csproj", "{71713F5A-5E75-47B2-9D79-81BA36732A62}"
EndProject
Project("{FAE04EC0-301F-11D3-BF4B-00C04F79EFBC}") = "Object", "Object\Object.csproj", "{9BF80414-4EE3-4B0C-9239-59DD6FDA580D}"
EndProject
Project("{FAE04EC0-301F-11D3-BF4B-00C04F79EFBC}") = "Object Return and Param", "Object Return and Param\Object Return and Param.csproj", "{AEB27734-0B4C-489F-B7E2-D01B35242A86}"
EndProject
Project("{FAE04EC0-301F-11D3-BF4B-00C04F79EFBC}") = "Static", "Static\Static.csproj", "{63DA9BFF-DC05-4918-9448-81E46D506260}"
EndProject
Project("{FAE04EC0-301F-11D3-BF4B-00C04F79EFBC}") = "ExtensionMethod", "ExtensionMethod\ExtensionMethod.csproj", "{1250EAC4-F11E-4751-BBDD-55DDD00208C2}"
EndProject
Project("{FAE04EC0-301F-11D3-BF4B-00C04F79EFBC}") = "CLA", "CLA\CLA.csproj", "{041B2171-861A-48F4-B22E-4E489281F86B}"
EndProject
Project("{FAE04EC0-301F-11D3-BF4B-00C04F79EFBC}") = "Params inparameter", "Params inparameter\Params inparameter.csproj", "{16412D73-68B0-48FA-AB13-702158B58915}"
EndProject
Project("{FAE04EC0-301F-11D3-BF4B-00C04F79EFBC}") = "AbstractClass", "AbstractClass\AbstractClass.csproj", "{D2B758A4-5492-4572-99B5-45A0F5AF7162}"
EndProject
Project("{FAE04EC0-301F-11D3-BF4B-00C04F79EFBC}") = "AbstractCard", "AbstractCard\AbstractCard.csproj", "{BE0A869E-3FBC-49B9-A339-37BED426F6B0}"
EndProject
Project("{FAE04EC0-301F-11D3-BF4B-00C04F79EFBC}") = "IfNotImplementAbstraction", "IfNotImplementAbstraction\IfNotImplementAbstraction.csproj", "{7F641F7C-745E-42AC-80E4-0CBB60894E24}"
EndProject
Project("{FAE04EC0-301F-11D3-BF4B-00C04F79EFBC}") = "GrandParent", "GrandParent\GrandParent.csproj", "{69D611EA-2C1E-4181-85BE-6AB16A43CFF1}"
EndProject
Project("{2150E333-8FDC-42A3-9474-1A3956D46DE8}") = "Day 03", "Day 03", "{C8EBB46C-893E-4549-A8E9-220A85E9BC12}"
EndProject
Project("{FAE04EC0-301F-11D3-BF4B-00C04F79EFBC}") = "Test", "Test\Test.csproj", "{E61A80EA-2A7C-413A-A291-93CB4CA3B508}"
EndProject
Project("{FAE04EC0-301F-11D3-BF4B-00C04F79EFBC}") = "Properties", "Properties\Properties.csproj", "{526FD725-684D-4698-BD19-FC79075029B7}"
EndProject
Project("{FAE04EC0-301F-11D3-BF4B-00C04F79EFBC}") = "CustomProperties", "CustomProperties\CustomProperties.csproj", "{234BC6F9-DC67-4A61-8346-9A6EE038E229}"
EndProject
Project("{FAE04EC0-301F-11D3-BF4B-00C04F79EFBC}") = "PropertiesVariableMethod", "PropertiesVariableMethod\PropertiesVariableMethod.csproj", "{CFF66839-AD0C-42CF-85E0-DCF167729425}"
EndProject
Project("{FAE04EC0-301F-11D3-BF4B-00C04F79EFBC}") = "Interfaces", "Interfaces\Interfaces.csproj", "{EF9DBD3D-08AE-4962-8ED0-69625A10D992}"
EndProject
Project("{FAE04EC0-301F-11D3-BF4B-00C04F79EFBC}") = "PrinterInterfaces", "PrinterInterfaces\PrinterInterfaces.csproj", "{33BACD2A-F9B1-4933-83AC-4196FE19489D}"
EndProject
Project("{FAE04EC0-301F-11D3-BF4B-00C04F79EFBC}") = "MultipleInheritance", "MultipleInheritance\MultipleInheritance.csproj", "{33480845-40FF-4BC4-93A3-E6E6D059495E}"
EndProject
Project("{FAE04EC0-301F-11D3-BF4B-00C04F79EFBC}") = "GameandPlayerInterfaces", "GameandPlayerInterfaces\GameandPlayerInterfaces.csproj", "{A6A297EB-0313-4F4F-9D0C-5EFA7CF1655A}"
EndProject
Project("{FAE04EC0-301F-11D3-BF4B-00C04F79EFBC}") = "EnumsToArray", "EnumsToArray\EnumsToArray.csproj", "{2F21337E-5154-462C-97FF-D31C539908DA}"
EndProject
Project("{FAE04EC0-301F-11D3-BF4B-00C04F79EFBC}") = "EnumTutorial", "EnumTutorial\EnumTutorial.csproj", "{C42057E4-3D18-4807-9D72-01378F3283A3}"
EndProject
Project("{FAE04EC0-301F-11D3-BF4B-00C04F79EFBC}") = "HumanTypeEnum", "HumanTypeEnum\HumanTypeEnum.csproj", "{CC761E0A-C085-4012-92A1-0AE277864420}"
EndProject
Project("{FAE04EC0-301F-11D3-BF4B-00C04F79EFBC}") = "WithoutGeneric", "WithoutGeneric\WithoutGeneric.csproj", "{086457D9-9F27-45FE-AF81-83E3088ECFCB}"
EndProject
Project("{FAE04EC0-301F-11D3-BF4B-00C04F79EFBC}") = "Generic+Tuple", "Generic+Tuple\Generic+Tuple.csproj", "{6B0A242E-AA99-42D7-B93D-1E61658A4D06}"
EndProject
Project("{FAE04EC0-301F-11D3-BF4B-00C04F79EFBC}") = "GenericNotUseTuple", "GenericNotUseTuple\GenericNotUseTuple.csproj", "{4CBC3902-9CB8-4A1A-A880-64B7BBFFEDC3}"
EndProject
Project("{FAE04EC0-301F-11D3-BF4B-00C04F79EFBC}") = "GenericConstraint", "GenericConstraint\GenericConstraint.csproj", "{FD92AEC0-43EB-4F4C-A554-1037E5907D78}"
EndProject
Project("{FAE04EC0-301F-11D3-BF4B-00C04F79EFBC}") = "HumanAddition", "HumanAddition\HumanAddition.csproj", "{D49A2D45-84CE-44A2-9A0A-754A76757831}"
EndProject
Project("{2150E333-8FDC-42A3-9474-1A3956D46DE8}") = "Day 04", "Day 04", "{BAB4AA07-8EB7-4C94-8EE8-DEF7A8E7CC52}"
EndProject
Project("{FAE04EC0-301F-11D3-BF4B-00C04F79EFBC}") = "Ref", "Ref\Ref.csproj", "{F18562AA-C8B8-452B-B4FE-6698772633AC}"
EndProject
Project("{FAE04EC0-301F-11D3-BF4B-00C04F79EFBC}") = "Out", "Out\Out.csproj", "{EC02D279-56A0-41CA-84E8-99876A19E643}"
EndProject
Project("{FAE04EC0-301F-11D3-BF4B-00C04F79EFBC}") = "Out Parse", "Out Parse\Out Parse.csproj", "{7B6AAE58-A71C-4945-BC6B-38BB2FC2F6A5}"
EndProject
Project("{FAE04EC0-301F-11D3-BF4B-00C04F79EFBC}") = "In", "In\In.csproj", "{C5832B32-4D22-4D5C-8D02-F594DF056EE7}"
EndProject
Project("{FAE04EC0-301F-11D3-BF4B-00C04F79EFBC}") = "ArrayReadonly", "ArrayReadonly\ArrayReadonly.csproj", "{31E5647E-AEAE-4BA2-A6B6-2E5A081DA58C}"
EndProject
Project("{FAE04EC0-301F-11D3-BF4B-00C04F79EFBC}") = "ExceptionExample", "ExceptionExample\ExceptionExample.csproj", "{EC33DF9C-1EBA-4FC9-9F91-AFF99B78E3B1}"
EndProject
Project("{FAE04EC0-301F-11D3-BF4B-00C04F79EFBC}") = "ExceptionExample2", "ExceptionExample2\ExceptionExample2.csproj", "{08B626C5-A80D-4C80-91CE-8FD08674A4B4}"
EndProject
Project("{FAE04EC0-301F-11D3-BF4B-00C04F79EFBC}") = "PublisherSubscriber (Without)", "PublisherSubscriber (Without)\PublisherSubscriber (Without).csproj", "{753F95F4-6423-45AC-B2C3-A33A5334CC9C}"
EndProject
Project("{FAE04EC0-301F-11D3-BF4B-00C04F79EFBC}") = "UsingDelegates", "UsingDelegates\UsingDelegates.csproj", "{41D5D27E-7A88-4E0B-A684-27A99555BCC2}"
EndProject
Project("{FAE04EC0-301F-11D3-BF4B-00C04F79EFBC}") = "DelegateTutorial", "DelegateTutorial\DelegateTutorial.csproj", "{FA058E92-5431-4993-9790-021CCF49AC6A}"
EndProject
Project("{FAE04EC0-301F-11D3-BF4B-00C04F79EFBC}") = "GetInvocationList", "GetInvocationList\GetInvocationList.csproj", "{3C13970C-3328-48DB-A53E-6EEEDCC87D8B}"
EndProject
Project("{FAE04EC0-301F-11D3-BF4B-00C04F79EFBC}") = "DelegateInvocationReturnValue", "DelegateInvocationReturnValue\DelegateInvocationReturnValue.csproj", "{452C7E7B-4EE8-44E9-99DD-1D956410F042}"
EndProject
Project("{2150E333-8FDC-42A3-9474-1A3956D46DE8}") = "Day 05", "Day 05", "{FF97F6BC-10B7-44DE-8A8B-745DABD2339B}"
EndProject
Project("{FAE04EC0-301F-11D3-BF4B-00C04F79EFBC}") = "DefaultDelegate", "DefaultDelegate\DefaultDelegate.csproj", "{2FE4570C-DA00-4EF9-8F4C-A3A7AF06A700}"
EndProject
Project("{FAE04EC0-301F-11D3-BF4B-00C04F79EFBC}") = "DefaultDelegateWithReturnType", "DefaultDelegateWithReturnType\DefaultDelegateWithReturnType.csproj", "{5429CEE2-1652-4D8D-9796-92F22F932D09}"
EndProject
Project("{FAE04EC0-301F-11D3-BF4B-00C04F79EFBC}") = "AnonymousMethod", "AnonymousMethod\AnonymousMethod.csproj", "{B747FEE1-37F9-4535-86A5-433F8B0F7FC7}"
EndProject
Project("{FAE04EC0-301F-11D3-BF4B-00C04F79EFBC}") = "event", "event\event.csproj", "{95E805D3-A398-4ACE-AAC9-249C58B14A33}"
EndProject
Project("{FAE04EC0-301F-11D3-BF4B-00C04F79EFBC}") = "OperatorOverloading", "OperatorOverloading\OperatorOverloading.csproj", "{695B1ACB-C70C-463F-A6E4-5D55CDA9635B}"
EndProject
Project("{FAE04EC0-301F-11D3-BF4B-00C04F79EFBC}") = "Partial(Different .cs)", "Partial(Different .cs)\Partial(Different .cs).csproj", "{D543B61E-5DC6-408B-8B81-0EFE1664B681}"
EndProject
Project("{FAE04EC0-301F-11D3-BF4B-00C04F79EFBC}") = "CollectionIEnumerable", "CollectionIEnumerable\CollectionIEnumerable.csproj", "{2B2F1AB7-9E5C-43CB-901A-B138AAAA062E}"
EndProject
Project("{2150E333-8FDC-42A3-9474-1A3956D46DE8}") = "Week 02", "Week 02", "{A478E819-3344-4295-B9D4-F691F1B43A3F}"
EndProject
Project("{FAE04EC0-301F-11D3-BF4B-00C04F79EFBC}") = "StringComparison", "StringComparison\StringComparison.csproj", "{832C87E6-2592-4DCC-8304-64B407FF78A6}"
EndProject
Project("{FAE04EC0-301F-11D3-BF4B-00C04F79EFBC}") = "StringBuilderComparison", "StringBuilderComparison\StringBuilderComparison.csproj", "{C7082EBF-0784-45FB-A34C-33DBF2F1702B}"
EndProject
Project("{FAE04EC0-301F-11D3-BF4B-00C04F79EFBC}") = "DesctructorFinalizers", "DesctructorFinalizers\DesctructorFinalizers.csproj", "{AB1B51ED-C61B-4B29-83A3-1FFE2B1DB2F4}"
EndProject
Project("{FAE04EC0-301F-11D3-BF4B-00C04F79EFBC}") = "ClassBiasaa", "ClassBiasaa\ClassBiasaa.csproj", "{D3CE477F-7F3B-4826-B94B-7EEC3E7165AF}"
EndProject
Project("{FAE04EC0-301F-11D3-BF4B-00C04F79EFBC}") = "ClassFinalizers", "ClassFinalizers\ClassFinalizers.csproj", "{3D7410F6-454F-4D16-ACF8-08A7EDC47FBB}"
EndProject
Project("{FAE04EC0-301F-11D3-BF4B-00C04F79EFBC}") = "FinalizersInheritance", "FinalizersInheritance\FinalizersInheritance.csproj", "{63414405-0580-4E7F-B602-C00E73054F07}"
EndProject
Project("{FAE04EC0-301F-11D3-BF4B-00C04F79EFBC}") = "DisposeIDisposable", "DisposeIDisposable\DisposeIDisposable.csproj", "{05644BEF-6923-43D7-B77A-ADCA9572D29E}"
EndProject
Project("{2150E333-8FDC-42A3-9474-1A3956D46DE8}") = "Week 03", "Week 03", "{FD00710E-7F79-4DE7-919D-ED044DF5C0AF}"
EndProject
Project("{FAE04EC0-301F-11D3-BF4B-00C04F79EFBC}") = "ExceptionHandling", "ExceptionHandling\ExceptionHandling.csproj", "{D0313200-5D97-415A-86E6-ABAD5C840E8B}"
EndProject
Project("{FAE04EC0-301F-11D3-BF4B-00C04F79EFBC}") = "GameControllerButDisposable", "GameControllerButDisposable\GameControllerButDisposable.csproj", "{C74769C8-03F3-4961-A6D4-F32E7B16414E}"
EndProject
Project("{FAE04EC0-301F-11D3-BF4B-00C04F79EFBC}") = "EarlyDispose", "EarlyDispose\EarlyDispose.csproj", "{699AA876-78A1-46A2-8399-54517331CA7D}"
EndProject
Project("{FAE04EC0-301F-11D3-BF4B-00C04F79EFBC}") = "ConditionalCompilation", "ConditionalCompilation\ConditionalCompilation.csproj", "{69F6863E-0B5A-47A6-8E4C-F346428DE0C1}"
EndProject
Project("{FAE04EC0-301F-11D3-BF4B-00C04F79EFBC}") = "ConditionalCompilation_B", "ConditionalCompilation_B\ConditionalCompilation_B.csproj", "{46EF66EA-2285-4509-A22E-A0FB6E665DE3}"
EndProject
Project("{FAE04EC0-301F-11D3-BF4B-00C04F79EFBC}") = "Calculator2", "Calculator2\Calculator2.csproj", "{F6FAB3D8-C34A-4ADC-AC98-737EA3CF926B}"
EndProject
Project("{FAE04EC0-301F-11D3-BF4B-00C04F79EFBC}") = "HotReload", "HotReload\HotReload.csproj", "{FDABBCFB-BBF1-4A2E-9F81-7895B7703941}"
EndProject
Project("{FAE04EC0-301F-11D3-BF4B-00C04F79EFBC}") = "DebugAndTrace", "DebugAndTrace\DebugAndTrace.csproj", "{93F633BA-3DA0-4ADB-8C8B-26CDC6615CDE}"
EndProject
Project("{FAE04EC0-301F-11D3-BF4B-00C04F79EFBC}") = "BeforeMultiThreading", "BeforeMultiThreading\BeforeMultiThreading.csproj", "{7A767C9E-E538-4915-AB70-6BA03922B880}"
EndProject
Project("{FAE04EC0-301F-11D3-BF4B-00C04F79EFBC}") = "MultiThreading", "MultiThreading\MultiThreading.csproj", "{0D8CB644-4F0A-4F20-A0CD-C362BC9BD813}"
EndProject
Project("{FAE04EC0-301F-11D3-BF4B-00C04F79EFBC}") = "ThreadParameter", "ThreadParameter\ThreadParameter.csproj", "{9A8FDAC7-1707-4A8E-9672-4B3DBCC4C787}"
EndProject
Project("{FAE04EC0-301F-11D3-BF4B-00C04F79EFBC}") = "ThreadDelegate", "ThreadDelegate\ThreadDelegate.csproj", "{98912011-E76F-4794-8E31-9B9811C0714C}"
EndProject
Project("{FAE04EC0-301F-11D3-BF4B-00C04F79EFBC}") = "ThreadWithReturnType", "ThreadWithReturnType\ThreadWithReturnType.csproj", "{D9AF048F-B651-4BD7-9A86-42E71DC77A85}"
EndProject
Project("{FAE04EC0-301F-11D3-BF4B-00C04F79EFBC}") = "ThreadExceptionHandling", "ThreadExceptionHandling\ThreadExceptionHandling.csproj", "{78A4A8D7-7F44-4BC1-AEBD-5465BA66B108}"
EndProject
Project("{FAE04EC0-301F-11D3-BF4B-00C04F79EFBC}") = "ThreadPriority", "ThreadPriority\ThreadPriority.csproj", "{9564BA47-4CCC-48B5-8E74-060B1EC608B3}"
EndProject
Project("{FAE04EC0-301F-11D3-BF4B-00C04F79EFBC}") = "TaskCreation", "TaskCreation\TaskCreation.csproj", "{9FD844EA-51F7-42EC-9CB8-7AF3E6410000}"
EndProject
Project("{FAE04EC0-301F-11D3-BF4B-00C04F79EFBC}") = "TaskWithReturnType", "TaskWithReturnType\TaskWithReturnType.csproj", "{B56187A7-1659-475C-9127-0465BDBD8852}"
EndProject
Project("{FAE04EC0-301F-11D3-BF4B-00C04F79EFBC}") = "TaskWhen", "TaskWhen\TaskWhen.csproj", "{17F33849-5B86-430D-B708-A096C0875D34}"
EndProject
Project("{FAE04EC0-301F-11D3-BF4B-00C04F79EFBC}") = "TaskProperties", "TaskProperties\TaskProperties.csproj", "{AEB85A66-63D5-4354-ADF4-D8DE52EA1A9B}"
EndProject
Project("{FAE04EC0-301F-11D3-BF4B-00C04F79EFBC}") = "TaskException", "TaskException\TaskException.csproj", "{63650D57-47CC-4CEC-A807-5D79E75FDD2D}"
EndProject
Project("{FAE04EC0-301F-11D3-BF4B-00C04F79EFBC}") = "TaskAsyncAwait", "TaskAsyncAwait\TaskAsyncAwait.csproj", "{A1FCAA5E-60CD-466D-8DF6-D6B0851F412F}"
EndProject
Project("{FAE04EC0-301F-11D3-BF4B-00C04F79EFBC}") = "TaskAsyncAwait2", "TaskAsyncAwait2\TaskAsyncAwait2.csproj", "{DCA6E169-F75D-4F48-9204-43A6BC9FAF38}"
EndProject
Project("{FAE04EC0-301F-11D3-BF4B-00C04F79EFBC}") = "ThreadvsTaskvsAsyncAwait", "ThreadvsTaskvsAsyncAwait\ThreadvsTaskvsAsyncAwait.csproj", "{9ECAF7F0-2199-4E62-AD43-C401DEEB9746}"
EndProject
Project("{FAE04EC0-301F-11D3-BF4B-00C04F79EFBC}") = "CancelationTokenSource", "CancelationTokenSource\CancelationTokenSource.csproj", "{165DF1E1-8E13-4E93-B05D-4FE07C88B4DE}"
EndProject
Project("{FAE04EC0-301F-11D3-BF4B-00C04F79EFBC}") = "Deadlock", "Deadlock\Deadlock.csproj", "{6C86A521-276A-45C5-AC8C-F151FD657977}"
EndProject
Project("{FAE04EC0-301F-11D3-BF4B-00C04F79EFBC}") = "RaceCondition", "RaceCondition\RaceCondition.csproj", "{F82A92B8-49F5-4D50-B35B-C2BE19002149}"
EndProject
Project("{FAE04EC0-301F-11D3-BF4B-00C04F79EFBC}") = "LockMechanism", "LockMechanism\LockMechanism.csproj", "{7695AC7D-4FC9-49A5-B14A-93B7F0D762FE}"
EndProject
Project("{FAE04EC0-301F-11D3-BF4B-00C04F79EFBC}") = "Semaphoree", "Semaphoree\Semaphoree.csproj", "{9C240346-2BF5-4FF5-8787-2F2DC333A4BB}"
EndProject
Project("{FAE04EC0-301F-11D3-BF4B-00C04F79EFBC}") = "FileStreamm", "FileStreamm\FileStreamm.csproj", "{B32DF70A-2820-4700-BCF1-07212B240969}"
EndProject
Project("{FAE04EC0-301F-11D3-BF4B-00C04F79EFBC}") = "StreamWriterr", "StreamWriterr\StreamWriterr.csproj", "{E7F81625-EC0A-42D7-9770-688DD2CE7203}"
EndProject
Project("{FAE04EC0-301F-11D3-BF4B-00C04F79EFBC}") = "StreamReaderr", "StreamReaderr\StreamReaderr.csproj", "{7969D339-8693-47E4-BA68-D1E6921BAC16}"
EndProject
Project("{FAE04EC0-301F-11D3-BF4B-00C04F79EFBC}") = "JSONSerializeWrite", "JSONSerializeWrite\JSONSerializeWrite.csproj", "{62AE6C4F-875A-4AB7-B5FA-363F4680C64F}"
EndProject
Project("{FAE04EC0-301F-11D3-BF4B-00C04F79EFBC}") = "XMLSerializer", "XMLSerializer\XMLSerializer.csproj", "{F38E0598-5E72-4DEF-9A7D-2505C80249B1}"
EndProject
Project("{FAE04EC0-301F-11D3-BF4B-00C04F79EFBC}") = "DataContract", "DataContract\DataContract.csproj", "{7DFAC69F-BE63-43BC-990B-C3C3D57904A6}"
EndProject
Project("{FAE04EC0-301F-11D3-BF4B-00C04F79EFBC}") = "Trial", "Trial\Trial.csproj", "{5668966F-512B-49DB-8F9E-75B4B59EBE67}"
EndProject
Project("{2150E333-8FDC-42A3-9474-1A3956D46DE8}") = "Week 04", "Week 04", "{A7C0A865-97EB-4D30-A2B4-6470E2830FE0}"
EndProject
Project("{FAE04EC0-301F-11D3-BF4B-00C04F79EFBC}") = "GameController", "GameController\GameController.csproj", "{45526A81-B68E-41DA-A07B-59DBCF2E0679}"
EndProject
Project("{FAE04EC0-301F-11D3-BF4B-00C04F79EFBC}") = "BeforeSRP", "BeforeSRP\BeforeSRP.csproj", "{654272DA-CC5F-4BBF-8074-202F7DF5BA33}"
EndProject
Project("{FAE04EC0-301F-11D3-BF4B-00C04F79EFBC}") = "AfterSRP", "AfterSRP\AfterSRP.csproj", "{0BC150C0-CB63-4D52-99D5-A609EA79469F}"
EndProject
Project("{FAE04EC0-301F-11D3-BF4B-00C04F79EFBC}") = "BeforeOCP", "BeforeOCP\BeforeOCP.csproj", "{F0D799CE-C4A9-4E68-8C2D-AEB399FFEE65}"
EndProject
Project("{FAE04EC0-301F-11D3-BF4B-00C04F79EFBC}") = "AfterOCP", "AfterOCP\AfterOCP.csproj", "{613C93EF-756D-44E2-9FD8-755FE3944491}"
EndProject
Project("{FAE04EC0-301F-11D3-BF4B-00C04F79EFBC}") = "OCP2", "OCP2\OCP2.csproj", "{718E6780-EB40-49E6-A679-E2382D06D576}"
EndProject
Project("{FAE04EC0-301F-11D3-BF4B-00C04F79EFBC}") = "BeforeLSP", "BeforeLSP\BeforeLSP.csproj", "{1E0B4F16-FAA5-4A16-BC2B-6830560FAD32}"
EndProject
Project("{FAE04EC0-301F-11D3-BF4B-00C04F79EFBC}") = "BeforeDIP", "BeforeDIP\BeforeDIP.csproj", "{0FA52590-5ABE-472F-BCAE-024D36C6C043}"
EndProject
Project("{FAE04EC0-301F-11D3-BF4B-00C04F79EFBC}") = "SimpleProcess", "SimpleProcess\SimpleProcess.csproj", "{05AD8EB3-C9E6-4C57-B6C9-2EA465F024BD}"
EndProject
Project("{FAE04EC0-301F-11D3-BF4B-00C04F79EFBC}") = "SimpleProcess_RFA", "SimpleProcess_RFA\SimpleProcess_RFA.csproj", "{0C3E12A5-B853-4B13-9F82-7E9DC7F6B823}"
EndProject
Project("{FAE04EC0-301F-11D3-BF4B-00C04F79EFBC}") = "SimpleProcess_NLog", "SimpleProcess_NLog\SimpleProcess_NLog.csproj", "{2C1AF7F4-F691-4F9B-8DC4-0672FE4886B5}"
EndProject
Project("{FAE04EC0-301F-11D3-BF4B-00C04F79EFBC}") = "CalculatorBaru", "CalculatorBaru\CalculatorBaru.csproj", "{1E588320-9CBA-438B-B96E-733866C5C7D2}"
EndProject
Project("{FAE04EC0-301F-11D3-BF4B-00C04F79EFBC}") = "CalculatorBaru.Test", "CalculatorBaru.Test\CalculatorBaru.Test.csproj", "{BAB4B915-AF5F-492A-A9FA-B7B18ACE2405}"
EndProject
Project("{FAE04EC0-301F-11D3-BF4B-00C04F79EFBC}") = "CalculatorBaru.Test2", "CalculatorBaru.Test2\CalculatorBaru.Test2.csproj", "{6DFED105-4505-43E0-B5B1-830428A3BF18}"
EndProject
Project("{FAE04EC0-301F-11D3-BF4B-00C04F79EFBC}") = "SimpleGameProject.Test", "SimpleGameProject.Test\SimpleGameProject.Test.csproj", "{F8DC7DC2-1E61-4134-B5E0-8E8C80341232}"
EndProject
Project("{FAE04EC0-301F-11D3-BF4B-00C04F79EFBC}") = "GameController.Test", "GameController.Test\GameController.Test.csproj", "{422C8A65-05CF-4DD8-8481-BD74DB3B5DC8}"
EndProject
Global
	GlobalSection(SolutionConfigurationPlatforms) = preSolution
		Debug|Any CPU = Debug|Any CPU
		Release|Any CPU = Release|Any CPU
	EndGlobalSection
	GlobalSection(SolutionProperties) = preSolution
		HideSolutionNode = FALSE
	EndGlobalSection
	GlobalSection(ProjectConfigurationPlatforms) = postSolution
		{3AFC0490-C9A3-432E-8D36-0622632F9D3D}.Debug|Any CPU.ActiveCfg = Debug|Any CPU
		{3AFC0490-C9A3-432E-8D36-0622632F9D3D}.Debug|Any CPU.Build.0 = Debug|Any CPU
		{3AFC0490-C9A3-432E-8D36-0622632F9D3D}.Release|Any CPU.ActiveCfg = Release|Any CPU
		{3AFC0490-C9A3-432E-8D36-0622632F9D3D}.Release|Any CPU.Build.0 = Release|Any CPU
		{4BDC8878-13F6-432C-85BC-CDB9602D3EFD}.Debug|Any CPU.ActiveCfg = Debug|Any CPU
		{4BDC8878-13F6-432C-85BC-CDB9602D3EFD}.Debug|Any CPU.Build.0 = Debug|Any CPU
		{4BDC8878-13F6-432C-85BC-CDB9602D3EFD}.Release|Any CPU.ActiveCfg = Release|Any CPU
		{4BDC8878-13F6-432C-85BC-CDB9602D3EFD}.Release|Any CPU.Build.0 = Release|Any CPU
		{9EBF27D7-EC6A-43C2-BCB5-A7D0FD9D652B}.Debug|Any CPU.ActiveCfg = Debug|Any CPU
		{9EBF27D7-EC6A-43C2-BCB5-A7D0FD9D652B}.Debug|Any CPU.Build.0 = Debug|Any CPU
		{9EBF27D7-EC6A-43C2-BCB5-A7D0FD9D652B}.Release|Any CPU.ActiveCfg = Release|Any CPU
		{9EBF27D7-EC6A-43C2-BCB5-A7D0FD9D652B}.Release|Any CPU.Build.0 = Release|Any CPU
		{1526C864-1EA4-4734-AA43-08A76CBB2AF2}.Debug|Any CPU.ActiveCfg = Debug|Any CPU
		{1526C864-1EA4-4734-AA43-08A76CBB2AF2}.Debug|Any CPU.Build.0 = Debug|Any CPU
		{1526C864-1EA4-4734-AA43-08A76CBB2AF2}.Release|Any CPU.ActiveCfg = Release|Any CPU
		{1526C864-1EA4-4734-AA43-08A76CBB2AF2}.Release|Any CPU.Build.0 = Release|Any CPU
		{FE900524-5C1B-4BE1-B876-88696559C987}.Debug|Any CPU.ActiveCfg = Debug|Any CPU
		{FE900524-5C1B-4BE1-B876-88696559C987}.Debug|Any CPU.Build.0 = Debug|Any CPU
		{FE900524-5C1B-4BE1-B876-88696559C987}.Release|Any CPU.ActiveCfg = Release|Any CPU
		{FE900524-5C1B-4BE1-B876-88696559C987}.Release|Any CPU.Build.0 = Release|Any CPU
		{71C46511-B309-4C09-AC0F-339E3429CCED}.Debug|Any CPU.ActiveCfg = Debug|Any CPU
		{71C46511-B309-4C09-AC0F-339E3429CCED}.Debug|Any CPU.Build.0 = Debug|Any CPU
		{71C46511-B309-4C09-AC0F-339E3429CCED}.Release|Any CPU.ActiveCfg = Release|Any CPU
		{71C46511-B309-4C09-AC0F-339E3429CCED}.Release|Any CPU.Build.0 = Release|Any CPU
		{70CEF1D7-B8CC-4057-A013-F5810350AE95}.Debug|Any CPU.ActiveCfg = Debug|Any CPU
		{70CEF1D7-B8CC-4057-A013-F5810350AE95}.Debug|Any CPU.Build.0 = Debug|Any CPU
		{70CEF1D7-B8CC-4057-A013-F5810350AE95}.Release|Any CPU.ActiveCfg = Release|Any CPU
		{70CEF1D7-B8CC-4057-A013-F5810350AE95}.Release|Any CPU.Build.0 = Release|Any CPU
		{D9300FAD-4CA6-40FB-BE79-F85CCCE7CC33}.Debug|Any CPU.ActiveCfg = Debug|Any CPU
		{D9300FAD-4CA6-40FB-BE79-F85CCCE7CC33}.Debug|Any CPU.Build.0 = Debug|Any CPU
		{D9300FAD-4CA6-40FB-BE79-F85CCCE7CC33}.Release|Any CPU.ActiveCfg = Release|Any CPU
		{D9300FAD-4CA6-40FB-BE79-F85CCCE7CC33}.Release|Any CPU.Build.0 = Release|Any CPU
		{C1A39C7E-F478-4BD5-AD5F-9B27C34D30A4}.Debug|Any CPU.ActiveCfg = Debug|Any CPU
		{C1A39C7E-F478-4BD5-AD5F-9B27C34D30A4}.Debug|Any CPU.Build.0 = Debug|Any CPU
		{C1A39C7E-F478-4BD5-AD5F-9B27C34D30A4}.Release|Any CPU.ActiveCfg = Release|Any CPU
		{C1A39C7E-F478-4BD5-AD5F-9B27C34D30A4}.Release|Any CPU.Build.0 = Release|Any CPU
		{62FFD81C-CBA6-4000-AD52-3120830A6829}.Debug|Any CPU.ActiveCfg = Debug|Any CPU
		{62FFD81C-CBA6-4000-AD52-3120830A6829}.Debug|Any CPU.Build.0 = Debug|Any CPU
		{62FFD81C-CBA6-4000-AD52-3120830A6829}.Release|Any CPU.ActiveCfg = Release|Any CPU
		{62FFD81C-CBA6-4000-AD52-3120830A6829}.Release|Any CPU.Build.0 = Release|Any CPU
		{CF421F3E-2CFB-49B1-A561-CBCC698C158E}.Debug|Any CPU.ActiveCfg = Debug|Any CPU
		{CF421F3E-2CFB-49B1-A561-CBCC698C158E}.Debug|Any CPU.Build.0 = Debug|Any CPU
		{CF421F3E-2CFB-49B1-A561-CBCC698C158E}.Release|Any CPU.ActiveCfg = Release|Any CPU
		{CF421F3E-2CFB-49B1-A561-CBCC698C158E}.Release|Any CPU.Build.0 = Release|Any CPU
		{B92A8F3E-3FC8-4E00-9285-399BC6DDD985}.Debug|Any CPU.ActiveCfg = Debug|Any CPU
		{B92A8F3E-3FC8-4E00-9285-399BC6DDD985}.Debug|Any CPU.Build.0 = Debug|Any CPU
		{B92A8F3E-3FC8-4E00-9285-399BC6DDD985}.Release|Any CPU.ActiveCfg = Release|Any CPU
		{B92A8F3E-3FC8-4E00-9285-399BC6DDD985}.Release|Any CPU.Build.0 = Release|Any CPU
		{60D37038-558F-4CCD-846D-463E5CED5EA7}.Debug|Any CPU.ActiveCfg = Debug|Any CPU
		{60D37038-558F-4CCD-846D-463E5CED5EA7}.Debug|Any CPU.Build.0 = Debug|Any CPU
		{60D37038-558F-4CCD-846D-463E5CED5EA7}.Release|Any CPU.ActiveCfg = Release|Any CPU
		{60D37038-558F-4CCD-846D-463E5CED5EA7}.Release|Any CPU.Build.0 = Release|Any CPU
		{3095A1C7-1BBD-4375-8C54-3C0A19E8B362}.Debug|Any CPU.ActiveCfg = Debug|Any CPU
		{3095A1C7-1BBD-4375-8C54-3C0A19E8B362}.Debug|Any CPU.Build.0 = Debug|Any CPU
		{3095A1C7-1BBD-4375-8C54-3C0A19E8B362}.Release|Any CPU.ActiveCfg = Release|Any CPU
		{3095A1C7-1BBD-4375-8C54-3C0A19E8B362}.Release|Any CPU.Build.0 = Release|Any CPU
		{71713F5A-5E75-47B2-9D79-81BA36732A62}.Debug|Any CPU.ActiveCfg = Debug|Any CPU
		{71713F5A-5E75-47B2-9D79-81BA36732A62}.Debug|Any CPU.Build.0 = Debug|Any CPU
		{71713F5A-5E75-47B2-9D79-81BA36732A62}.Release|Any CPU.ActiveCfg = Release|Any CPU
		{71713F5A-5E75-47B2-9D79-81BA36732A62}.Release|Any CPU.Build.0 = Release|Any CPU
		{9BF80414-4EE3-4B0C-9239-59DD6FDA580D}.Debug|Any CPU.ActiveCfg = Debug|Any CPU
		{9BF80414-4EE3-4B0C-9239-59DD6FDA580D}.Debug|Any CPU.Build.0 = Debug|Any CPU
		{9BF80414-4EE3-4B0C-9239-59DD6FDA580D}.Release|Any CPU.ActiveCfg = Release|Any CPU
		{9BF80414-4EE3-4B0C-9239-59DD6FDA580D}.Release|Any CPU.Build.0 = Release|Any CPU
		{AEB27734-0B4C-489F-B7E2-D01B35242A86}.Debug|Any CPU.ActiveCfg = Debug|Any CPU
		{AEB27734-0B4C-489F-B7E2-D01B35242A86}.Debug|Any CPU.Build.0 = Debug|Any CPU
		{AEB27734-0B4C-489F-B7E2-D01B35242A86}.Release|Any CPU.ActiveCfg = Release|Any CPU
		{AEB27734-0B4C-489F-B7E2-D01B35242A86}.Release|Any CPU.Build.0 = Release|Any CPU
		{63DA9BFF-DC05-4918-9448-81E46D506260}.Debug|Any CPU.ActiveCfg = Debug|Any CPU
		{63DA9BFF-DC05-4918-9448-81E46D506260}.Debug|Any CPU.Build.0 = Debug|Any CPU
		{63DA9BFF-DC05-4918-9448-81E46D506260}.Release|Any CPU.ActiveCfg = Release|Any CPU
		{63DA9BFF-DC05-4918-9448-81E46D506260}.Release|Any CPU.Build.0 = Release|Any CPU
		{1250EAC4-F11E-4751-BBDD-55DDD00208C2}.Debug|Any CPU.ActiveCfg = Debug|Any CPU
		{1250EAC4-F11E-4751-BBDD-55DDD00208C2}.Debug|Any CPU.Build.0 = Debug|Any CPU
		{1250EAC4-F11E-4751-BBDD-55DDD00208C2}.Release|Any CPU.ActiveCfg = Release|Any CPU
		{1250EAC4-F11E-4751-BBDD-55DDD00208C2}.Release|Any CPU.Build.0 = Release|Any CPU
		{041B2171-861A-48F4-B22E-4E489281F86B}.Debug|Any CPU.ActiveCfg = Debug|Any CPU
		{041B2171-861A-48F4-B22E-4E489281F86B}.Debug|Any CPU.Build.0 = Debug|Any CPU
		{041B2171-861A-48F4-B22E-4E489281F86B}.Release|Any CPU.ActiveCfg = Release|Any CPU
		{041B2171-861A-48F4-B22E-4E489281F86B}.Release|Any CPU.Build.0 = Release|Any CPU
		{16412D73-68B0-48FA-AB13-702158B58915}.Debug|Any CPU.ActiveCfg = Debug|Any CPU
		{16412D73-68B0-48FA-AB13-702158B58915}.Debug|Any CPU.Build.0 = Debug|Any CPU
		{16412D73-68B0-48FA-AB13-702158B58915}.Release|Any CPU.ActiveCfg = Release|Any CPU
		{16412D73-68B0-48FA-AB13-702158B58915}.Release|Any CPU.Build.0 = Release|Any CPU
		{D2B758A4-5492-4572-99B5-45A0F5AF7162}.Debug|Any CPU.ActiveCfg = Debug|Any CPU
		{D2B758A4-5492-4572-99B5-45A0F5AF7162}.Debug|Any CPU.Build.0 = Debug|Any CPU
		{D2B758A4-5492-4572-99B5-45A0F5AF7162}.Release|Any CPU.ActiveCfg = Release|Any CPU
		{D2B758A4-5492-4572-99B5-45A0F5AF7162}.Release|Any CPU.Build.0 = Release|Any CPU
		{BE0A869E-3FBC-49B9-A339-37BED426F6B0}.Debug|Any CPU.ActiveCfg = Debug|Any CPU
		{BE0A869E-3FBC-49B9-A339-37BED426F6B0}.Debug|Any CPU.Build.0 = Debug|Any CPU
		{BE0A869E-3FBC-49B9-A339-37BED426F6B0}.Release|Any CPU.ActiveCfg = Release|Any CPU
		{BE0A869E-3FBC-49B9-A339-37BED426F6B0}.Release|Any CPU.Build.0 = Release|Any CPU
		{7F641F7C-745E-42AC-80E4-0CBB60894E24}.Debug|Any CPU.ActiveCfg = Debug|Any CPU
		{7F641F7C-745E-42AC-80E4-0CBB60894E24}.Debug|Any CPU.Build.0 = Debug|Any CPU
		{7F641F7C-745E-42AC-80E4-0CBB60894E24}.Release|Any CPU.ActiveCfg = Release|Any CPU
		{7F641F7C-745E-42AC-80E4-0CBB60894E24}.Release|Any CPU.Build.0 = Release|Any CPU
		{69D611EA-2C1E-4181-85BE-6AB16A43CFF1}.Debug|Any CPU.ActiveCfg = Debug|Any CPU
		{69D611EA-2C1E-4181-85BE-6AB16A43CFF1}.Debug|Any CPU.Build.0 = Debug|Any CPU
		{69D611EA-2C1E-4181-85BE-6AB16A43CFF1}.Release|Any CPU.ActiveCfg = Release|Any CPU
		{69D611EA-2C1E-4181-85BE-6AB16A43CFF1}.Release|Any CPU.Build.0 = Release|Any CPU
		{E61A80EA-2A7C-413A-A291-93CB4CA3B508}.Debug|Any CPU.ActiveCfg = Debug|Any CPU
		{E61A80EA-2A7C-413A-A291-93CB4CA3B508}.Debug|Any CPU.Build.0 = Debug|Any CPU
		{E61A80EA-2A7C-413A-A291-93CB4CA3B508}.Release|Any CPU.ActiveCfg = Release|Any CPU
		{E61A80EA-2A7C-413A-A291-93CB4CA3B508}.Release|Any CPU.Build.0 = Release|Any CPU
		{526FD725-684D-4698-BD19-FC79075029B7}.Debug|Any CPU.ActiveCfg = Debug|Any CPU
		{526FD725-684D-4698-BD19-FC79075029B7}.Debug|Any CPU.Build.0 = Debug|Any CPU
		{526FD725-684D-4698-BD19-FC79075029B7}.Release|Any CPU.ActiveCfg = Release|Any CPU
		{526FD725-684D-4698-BD19-FC79075029B7}.Release|Any CPU.Build.0 = Release|Any CPU
		{234BC6F9-DC67-4A61-8346-9A6EE038E229}.Debug|Any CPU.ActiveCfg = Debug|Any CPU
		{234BC6F9-DC67-4A61-8346-9A6EE038E229}.Debug|Any CPU.Build.0 = Debug|Any CPU
		{234BC6F9-DC67-4A61-8346-9A6EE038E229}.Release|Any CPU.ActiveCfg = Release|Any CPU
		{234BC6F9-DC67-4A61-8346-9A6EE038E229}.Release|Any CPU.Build.0 = Release|Any CPU
		{CFF66839-AD0C-42CF-85E0-DCF167729425}.Debug|Any CPU.ActiveCfg = Debug|Any CPU
		{CFF66839-AD0C-42CF-85E0-DCF167729425}.Debug|Any CPU.Build.0 = Debug|Any CPU
		{CFF66839-AD0C-42CF-85E0-DCF167729425}.Release|Any CPU.ActiveCfg = Release|Any CPU
		{CFF66839-AD0C-42CF-85E0-DCF167729425}.Release|Any CPU.Build.0 = Release|Any CPU
		{EF9DBD3D-08AE-4962-8ED0-69625A10D992}.Debug|Any CPU.ActiveCfg = Debug|Any CPU
		{EF9DBD3D-08AE-4962-8ED0-69625A10D992}.Debug|Any CPU.Build.0 = Debug|Any CPU
		{EF9DBD3D-08AE-4962-8ED0-69625A10D992}.Release|Any CPU.ActiveCfg = Release|Any CPU
		{EF9DBD3D-08AE-4962-8ED0-69625A10D992}.Release|Any CPU.Build.0 = Release|Any CPU
		{33BACD2A-F9B1-4933-83AC-4196FE19489D}.Debug|Any CPU.ActiveCfg = Debug|Any CPU
		{33BACD2A-F9B1-4933-83AC-4196FE19489D}.Debug|Any CPU.Build.0 = Debug|Any CPU
		{33BACD2A-F9B1-4933-83AC-4196FE19489D}.Release|Any CPU.ActiveCfg = Release|Any CPU
		{33BACD2A-F9B1-4933-83AC-4196FE19489D}.Release|Any CPU.Build.0 = Release|Any CPU
		{33480845-40FF-4BC4-93A3-E6E6D059495E}.Debug|Any CPU.ActiveCfg = Debug|Any CPU
		{33480845-40FF-4BC4-93A3-E6E6D059495E}.Debug|Any CPU.Build.0 = Debug|Any CPU
		{33480845-40FF-4BC4-93A3-E6E6D059495E}.Release|Any CPU.ActiveCfg = Release|Any CPU
		{33480845-40FF-4BC4-93A3-E6E6D059495E}.Release|Any CPU.Build.0 = Release|Any CPU
		{A6A297EB-0313-4F4F-9D0C-5EFA7CF1655A}.Debug|Any CPU.ActiveCfg = Debug|Any CPU
		{A6A297EB-0313-4F4F-9D0C-5EFA7CF1655A}.Debug|Any CPU.Build.0 = Debug|Any CPU
		{A6A297EB-0313-4F4F-9D0C-5EFA7CF1655A}.Release|Any CPU.ActiveCfg = Release|Any CPU
		{A6A297EB-0313-4F4F-9D0C-5EFA7CF1655A}.Release|Any CPU.Build.0 = Release|Any CPU
		{2F21337E-5154-462C-97FF-D31C539908DA}.Debug|Any CPU.ActiveCfg = Debug|Any CPU
		{2F21337E-5154-462C-97FF-D31C539908DA}.Debug|Any CPU.Build.0 = Debug|Any CPU
		{2F21337E-5154-462C-97FF-D31C539908DA}.Release|Any CPU.ActiveCfg = Release|Any CPU
		{2F21337E-5154-462C-97FF-D31C539908DA}.Release|Any CPU.Build.0 = Release|Any CPU
		{C42057E4-3D18-4807-9D72-01378F3283A3}.Debug|Any CPU.ActiveCfg = Debug|Any CPU
		{C42057E4-3D18-4807-9D72-01378F3283A3}.Debug|Any CPU.Build.0 = Debug|Any CPU
		{C42057E4-3D18-4807-9D72-01378F3283A3}.Release|Any CPU.ActiveCfg = Release|Any CPU
		{C42057E4-3D18-4807-9D72-01378F3283A3}.Release|Any CPU.Build.0 = Release|Any CPU
		{CC761E0A-C085-4012-92A1-0AE277864420}.Debug|Any CPU.ActiveCfg = Debug|Any CPU
		{CC761E0A-C085-4012-92A1-0AE277864420}.Debug|Any CPU.Build.0 = Debug|Any CPU
		{CC761E0A-C085-4012-92A1-0AE277864420}.Release|Any CPU.ActiveCfg = Release|Any CPU
		{CC761E0A-C085-4012-92A1-0AE277864420}.Release|Any CPU.Build.0 = Release|Any CPU
		{086457D9-9F27-45FE-AF81-83E3088ECFCB}.Debug|Any CPU.ActiveCfg = Debug|Any CPU
		{086457D9-9F27-45FE-AF81-83E3088ECFCB}.Debug|Any CPU.Build.0 = Debug|Any CPU
		{086457D9-9F27-45FE-AF81-83E3088ECFCB}.Release|Any CPU.ActiveCfg = Release|Any CPU
		{086457D9-9F27-45FE-AF81-83E3088ECFCB}.Release|Any CPU.Build.0 = Release|Any CPU
		{6B0A242E-AA99-42D7-B93D-1E61658A4D06}.Debug|Any CPU.ActiveCfg = Debug|Any CPU
		{6B0A242E-AA99-42D7-B93D-1E61658A4D06}.Debug|Any CPU.Build.0 = Debug|Any CPU
		{6B0A242E-AA99-42D7-B93D-1E61658A4D06}.Release|Any CPU.ActiveCfg = Release|Any CPU
		{6B0A242E-AA99-42D7-B93D-1E61658A4D06}.Release|Any CPU.Build.0 = Release|Any CPU
		{4CBC3902-9CB8-4A1A-A880-64B7BBFFEDC3}.Debug|Any CPU.ActiveCfg = Debug|Any CPU
		{4CBC3902-9CB8-4A1A-A880-64B7BBFFEDC3}.Debug|Any CPU.Build.0 = Debug|Any CPU
		{4CBC3902-9CB8-4A1A-A880-64B7BBFFEDC3}.Release|Any CPU.ActiveCfg = Release|Any CPU
		{4CBC3902-9CB8-4A1A-A880-64B7BBFFEDC3}.Release|Any CPU.Build.0 = Release|Any CPU
		{FD92AEC0-43EB-4F4C-A554-1037E5907D78}.Debug|Any CPU.ActiveCfg = Debug|Any CPU
		{FD92AEC0-43EB-4F4C-A554-1037E5907D78}.Debug|Any CPU.Build.0 = Debug|Any CPU
		{FD92AEC0-43EB-4F4C-A554-1037E5907D78}.Release|Any CPU.ActiveCfg = Release|Any CPU
		{FD92AEC0-43EB-4F4C-A554-1037E5907D78}.Release|Any CPU.Build.0 = Release|Any CPU
		{D49A2D45-84CE-44A2-9A0A-754A76757831}.Debug|Any CPU.ActiveCfg = Debug|Any CPU
		{D49A2D45-84CE-44A2-9A0A-754A76757831}.Debug|Any CPU.Build.0 = Debug|Any CPU
		{D49A2D45-84CE-44A2-9A0A-754A76757831}.Release|Any CPU.ActiveCfg = Release|Any CPU
		{D49A2D45-84CE-44A2-9A0A-754A76757831}.Release|Any CPU.Build.0 = Release|Any CPU
		{F18562AA-C8B8-452B-B4FE-6698772633AC}.Debug|Any CPU.ActiveCfg = Debug|Any CPU
		{F18562AA-C8B8-452B-B4FE-6698772633AC}.Debug|Any CPU.Build.0 = Debug|Any CPU
		{F18562AA-C8B8-452B-B4FE-6698772633AC}.Release|Any CPU.ActiveCfg = Release|Any CPU
		{F18562AA-C8B8-452B-B4FE-6698772633AC}.Release|Any CPU.Build.0 = Release|Any CPU
		{EC02D279-56A0-41CA-84E8-99876A19E643}.Debug|Any CPU.ActiveCfg = Debug|Any CPU
		{EC02D279-56A0-41CA-84E8-99876A19E643}.Debug|Any CPU.Build.0 = Debug|Any CPU
		{EC02D279-56A0-41CA-84E8-99876A19E643}.Release|Any CPU.ActiveCfg = Release|Any CPU
		{EC02D279-56A0-41CA-84E8-99876A19E643}.Release|Any CPU.Build.0 = Release|Any CPU
		{7B6AAE58-A71C-4945-BC6B-38BB2FC2F6A5}.Debug|Any CPU.ActiveCfg = Debug|Any CPU
		{7B6AAE58-A71C-4945-BC6B-38BB2FC2F6A5}.Debug|Any CPU.Build.0 = Debug|Any CPU
		{7B6AAE58-A71C-4945-BC6B-38BB2FC2F6A5}.Release|Any CPU.ActiveCfg = Release|Any CPU
		{7B6AAE58-A71C-4945-BC6B-38BB2FC2F6A5}.Release|Any CPU.Build.0 = Release|Any CPU
		{C5832B32-4D22-4D5C-8D02-F594DF056EE7}.Debug|Any CPU.ActiveCfg = Debug|Any CPU
		{C5832B32-4D22-4D5C-8D02-F594DF056EE7}.Debug|Any CPU.Build.0 = Debug|Any CPU
		{C5832B32-4D22-4D5C-8D02-F594DF056EE7}.Release|Any CPU.ActiveCfg = Release|Any CPU
		{C5832B32-4D22-4D5C-8D02-F594DF056EE7}.Release|Any CPU.Build.0 = Release|Any CPU
		{31E5647E-AEAE-4BA2-A6B6-2E5A081DA58C}.Debug|Any CPU.ActiveCfg = Debug|Any CPU
		{31E5647E-AEAE-4BA2-A6B6-2E5A081DA58C}.Debug|Any CPU.Build.0 = Debug|Any CPU
		{31E5647E-AEAE-4BA2-A6B6-2E5A081DA58C}.Release|Any CPU.ActiveCfg = Release|Any CPU
		{31E5647E-AEAE-4BA2-A6B6-2E5A081DA58C}.Release|Any CPU.Build.0 = Release|Any CPU
		{EC33DF9C-1EBA-4FC9-9F91-AFF99B78E3B1}.Debug|Any CPU.ActiveCfg = Debug|Any CPU
		{EC33DF9C-1EBA-4FC9-9F91-AFF99B78E3B1}.Debug|Any CPU.Build.0 = Debug|Any CPU
		{EC33DF9C-1EBA-4FC9-9F91-AFF99B78E3B1}.Release|Any CPU.ActiveCfg = Release|Any CPU
		{EC33DF9C-1EBA-4FC9-9F91-AFF99B78E3B1}.Release|Any CPU.Build.0 = Release|Any CPU
		{08B626C5-A80D-4C80-91CE-8FD08674A4B4}.Debug|Any CPU.ActiveCfg = Debug|Any CPU
		{08B626C5-A80D-4C80-91CE-8FD08674A4B4}.Debug|Any CPU.Build.0 = Debug|Any CPU
		{08B626C5-A80D-4C80-91CE-8FD08674A4B4}.Release|Any CPU.ActiveCfg = Release|Any CPU
		{08B626C5-A80D-4C80-91CE-8FD08674A4B4}.Release|Any CPU.Build.0 = Release|Any CPU
		{753F95F4-6423-45AC-B2C3-A33A5334CC9C}.Debug|Any CPU.ActiveCfg = Debug|Any CPU
		{753F95F4-6423-45AC-B2C3-A33A5334CC9C}.Debug|Any CPU.Build.0 = Debug|Any CPU
		{753F95F4-6423-45AC-B2C3-A33A5334CC9C}.Release|Any CPU.ActiveCfg = Release|Any CPU
		{753F95F4-6423-45AC-B2C3-A33A5334CC9C}.Release|Any CPU.Build.0 = Release|Any CPU
		{41D5D27E-7A88-4E0B-A684-27A99555BCC2}.Debug|Any CPU.ActiveCfg = Debug|Any CPU
		{41D5D27E-7A88-4E0B-A684-27A99555BCC2}.Debug|Any CPU.Build.0 = Debug|Any CPU
		{41D5D27E-7A88-4E0B-A684-27A99555BCC2}.Release|Any CPU.ActiveCfg = Release|Any CPU
		{41D5D27E-7A88-4E0B-A684-27A99555BCC2}.Release|Any CPU.Build.0 = Release|Any CPU
		{FA058E92-5431-4993-9790-021CCF49AC6A}.Debug|Any CPU.ActiveCfg = Debug|Any CPU
		{FA058E92-5431-4993-9790-021CCF49AC6A}.Debug|Any CPU.Build.0 = Debug|Any CPU
		{FA058E92-5431-4993-9790-021CCF49AC6A}.Release|Any CPU.ActiveCfg = Release|Any CPU
		{FA058E92-5431-4993-9790-021CCF49AC6A}.Release|Any CPU.Build.0 = Release|Any CPU
		{3C13970C-3328-48DB-A53E-6EEEDCC87D8B}.Debug|Any CPU.ActiveCfg = Debug|Any CPU
		{3C13970C-3328-48DB-A53E-6EEEDCC87D8B}.Debug|Any CPU.Build.0 = Debug|Any CPU
		{3C13970C-3328-48DB-A53E-6EEEDCC87D8B}.Release|Any CPU.ActiveCfg = Release|Any CPU
		{3C13970C-3328-48DB-A53E-6EEEDCC87D8B}.Release|Any CPU.Build.0 = Release|Any CPU
		{452C7E7B-4EE8-44E9-99DD-1D956410F042}.Debug|Any CPU.ActiveCfg = Debug|Any CPU
		{452C7E7B-4EE8-44E9-99DD-1D956410F042}.Debug|Any CPU.Build.0 = Debug|Any CPU
		{452C7E7B-4EE8-44E9-99DD-1D956410F042}.Release|Any CPU.ActiveCfg = Release|Any CPU
		{452C7E7B-4EE8-44E9-99DD-1D956410F042}.Release|Any CPU.Build.0 = Release|Any CPU
		{2FE4570C-DA00-4EF9-8F4C-A3A7AF06A700}.Debug|Any CPU.ActiveCfg = Debug|Any CPU
		{2FE4570C-DA00-4EF9-8F4C-A3A7AF06A700}.Debug|Any CPU.Build.0 = Debug|Any CPU
		{2FE4570C-DA00-4EF9-8F4C-A3A7AF06A700}.Release|Any CPU.ActiveCfg = Release|Any CPU
		{2FE4570C-DA00-4EF9-8F4C-A3A7AF06A700}.Release|Any CPU.Build.0 = Release|Any CPU
		{5429CEE2-1652-4D8D-9796-92F22F932D09}.Debug|Any CPU.ActiveCfg = Debug|Any CPU
		{5429CEE2-1652-4D8D-9796-92F22F932D09}.Debug|Any CPU.Build.0 = Debug|Any CPU
		{5429CEE2-1652-4D8D-9796-92F22F932D09}.Release|Any CPU.ActiveCfg = Release|Any CPU
		{5429CEE2-1652-4D8D-9796-92F22F932D09}.Release|Any CPU.Build.0 = Release|Any CPU
		{B747FEE1-37F9-4535-86A5-433F8B0F7FC7}.Debug|Any CPU.ActiveCfg = Debug|Any CPU
		{B747FEE1-37F9-4535-86A5-433F8B0F7FC7}.Debug|Any CPU.Build.0 = Debug|Any CPU
		{B747FEE1-37F9-4535-86A5-433F8B0F7FC7}.Release|Any CPU.ActiveCfg = Release|Any CPU
		{B747FEE1-37F9-4535-86A5-433F8B0F7FC7}.Release|Any CPU.Build.0 = Release|Any CPU
		{95E805D3-A398-4ACE-AAC9-249C58B14A33}.Debug|Any CPU.ActiveCfg = Debug|Any CPU
		{95E805D3-A398-4ACE-AAC9-249C58B14A33}.Debug|Any CPU.Build.0 = Debug|Any CPU
		{95E805D3-A398-4ACE-AAC9-249C58B14A33}.Release|Any CPU.ActiveCfg = Release|Any CPU
		{95E805D3-A398-4ACE-AAC9-249C58B14A33}.Release|Any CPU.Build.0 = Release|Any CPU
		{695B1ACB-C70C-463F-A6E4-5D55CDA9635B}.Debug|Any CPU.ActiveCfg = Debug|Any CPU
		{695B1ACB-C70C-463F-A6E4-5D55CDA9635B}.Debug|Any CPU.Build.0 = Debug|Any CPU
		{695B1ACB-C70C-463F-A6E4-5D55CDA9635B}.Release|Any CPU.ActiveCfg = Release|Any CPU
		{695B1ACB-C70C-463F-A6E4-5D55CDA9635B}.Release|Any CPU.Build.0 = Release|Any CPU
		{D543B61E-5DC6-408B-8B81-0EFE1664B681}.Debug|Any CPU.ActiveCfg = Debug|Any CPU
		{D543B61E-5DC6-408B-8B81-0EFE1664B681}.Debug|Any CPU.Build.0 = Debug|Any CPU
		{D543B61E-5DC6-408B-8B81-0EFE1664B681}.Release|Any CPU.ActiveCfg = Release|Any CPU
		{D543B61E-5DC6-408B-8B81-0EFE1664B681}.Release|Any CPU.Build.0 = Release|Any CPU
		{2B2F1AB7-9E5C-43CB-901A-B138AAAA062E}.Debug|Any CPU.ActiveCfg = Debug|Any CPU
		{2B2F1AB7-9E5C-43CB-901A-B138AAAA062E}.Debug|Any CPU.Build.0 = Debug|Any CPU
		{2B2F1AB7-9E5C-43CB-901A-B138AAAA062E}.Release|Any CPU.ActiveCfg = Release|Any CPU
		{2B2F1AB7-9E5C-43CB-901A-B138AAAA062E}.Release|Any CPU.Build.0 = Release|Any CPU
		{832C87E6-2592-4DCC-8304-64B407FF78A6}.Debug|Any CPU.ActiveCfg = Debug|Any CPU
		{832C87E6-2592-4DCC-8304-64B407FF78A6}.Debug|Any CPU.Build.0 = Debug|Any CPU
		{832C87E6-2592-4DCC-8304-64B407FF78A6}.Release|Any CPU.ActiveCfg = Release|Any CPU
		{832C87E6-2592-4DCC-8304-64B407FF78A6}.Release|Any CPU.Build.0 = Release|Any CPU
		{C7082EBF-0784-45FB-A34C-33DBF2F1702B}.Debug|Any CPU.ActiveCfg = Debug|Any CPU
		{C7082EBF-0784-45FB-A34C-33DBF2F1702B}.Debug|Any CPU.Build.0 = Debug|Any CPU
		{C7082EBF-0784-45FB-A34C-33DBF2F1702B}.Release|Any CPU.ActiveCfg = Release|Any CPU
		{C7082EBF-0784-45FB-A34C-33DBF2F1702B}.Release|Any CPU.Build.0 = Release|Any CPU
		{AB1B51ED-C61B-4B29-83A3-1FFE2B1DB2F4}.Debug|Any CPU.ActiveCfg = Debug|Any CPU
		{AB1B51ED-C61B-4B29-83A3-1FFE2B1DB2F4}.Debug|Any CPU.Build.0 = Debug|Any CPU
		{AB1B51ED-C61B-4B29-83A3-1FFE2B1DB2F4}.Release|Any CPU.ActiveCfg = Release|Any CPU
		{AB1B51ED-C61B-4B29-83A3-1FFE2B1DB2F4}.Release|Any CPU.Build.0 = Release|Any CPU
		{D3CE477F-7F3B-4826-B94B-7EEC3E7165AF}.Debug|Any CPU.ActiveCfg = Debug|Any CPU
		{D3CE477F-7F3B-4826-B94B-7EEC3E7165AF}.Debug|Any CPU.Build.0 = Debug|Any CPU
		{D3CE477F-7F3B-4826-B94B-7EEC3E7165AF}.Release|Any CPU.ActiveCfg = Release|Any CPU
		{D3CE477F-7F3B-4826-B94B-7EEC3E7165AF}.Release|Any CPU.Build.0 = Release|Any CPU
		{3D7410F6-454F-4D16-ACF8-08A7EDC47FBB}.Debug|Any CPU.ActiveCfg = Debug|Any CPU
		{3D7410F6-454F-4D16-ACF8-08A7EDC47FBB}.Debug|Any CPU.Build.0 = Debug|Any CPU
		{3D7410F6-454F-4D16-ACF8-08A7EDC47FBB}.Release|Any CPU.ActiveCfg = Release|Any CPU
		{3D7410F6-454F-4D16-ACF8-08A7EDC47FBB}.Release|Any CPU.Build.0 = Release|Any CPU
		{63414405-0580-4E7F-B602-C00E73054F07}.Debug|Any CPU.ActiveCfg = Debug|Any CPU
		{63414405-0580-4E7F-B602-C00E73054F07}.Debug|Any CPU.Build.0 = Debug|Any CPU
		{63414405-0580-4E7F-B602-C00E73054F07}.Release|Any CPU.ActiveCfg = Release|Any CPU
		{63414405-0580-4E7F-B602-C00E73054F07}.Release|Any CPU.Build.0 = Release|Any CPU
		{05644BEF-6923-43D7-B77A-ADCA9572D29E}.Debug|Any CPU.ActiveCfg = Debug|Any CPU
		{05644BEF-6923-43D7-B77A-ADCA9572D29E}.Debug|Any CPU.Build.0 = Debug|Any CPU
		{05644BEF-6923-43D7-B77A-ADCA9572D29E}.Release|Any CPU.ActiveCfg = Release|Any CPU
		{05644BEF-6923-43D7-B77A-ADCA9572D29E}.Release|Any CPU.Build.0 = Release|Any CPU
		{D0313200-5D97-415A-86E6-ABAD5C840E8B}.Debug|Any CPU.ActiveCfg = Debug|Any CPU
		{D0313200-5D97-415A-86E6-ABAD5C840E8B}.Debug|Any CPU.Build.0 = Debug|Any CPU
		{D0313200-5D97-415A-86E6-ABAD5C840E8B}.Release|Any CPU.ActiveCfg = Release|Any CPU
		{D0313200-5D97-415A-86E6-ABAD5C840E8B}.Release|Any CPU.Build.0 = Release|Any CPU
		{C74769C8-03F3-4961-A6D4-F32E7B16414E}.Debug|Any CPU.ActiveCfg = Debug|Any CPU
		{C74769C8-03F3-4961-A6D4-F32E7B16414E}.Debug|Any CPU.Build.0 = Debug|Any CPU
		{C74769C8-03F3-4961-A6D4-F32E7B16414E}.Release|Any CPU.ActiveCfg = Release|Any CPU
		{C74769C8-03F3-4961-A6D4-F32E7B16414E}.Release|Any CPU.Build.0 = Release|Any CPU
		{699AA876-78A1-46A2-8399-54517331CA7D}.Debug|Any CPU.ActiveCfg = Debug|Any CPU
		{699AA876-78A1-46A2-8399-54517331CA7D}.Debug|Any CPU.Build.0 = Debug|Any CPU
		{699AA876-78A1-46A2-8399-54517331CA7D}.Release|Any CPU.ActiveCfg = Release|Any CPU
		{699AA876-78A1-46A2-8399-54517331CA7D}.Release|Any CPU.Build.0 = Release|Any CPU
		{69F6863E-0B5A-47A6-8E4C-F346428DE0C1}.Debug|Any CPU.ActiveCfg = Debug|Any CPU
		{69F6863E-0B5A-47A6-8E4C-F346428DE0C1}.Debug|Any CPU.Build.0 = Debug|Any CPU
		{69F6863E-0B5A-47A6-8E4C-F346428DE0C1}.Release|Any CPU.ActiveCfg = Release|Any CPU
		{69F6863E-0B5A-47A6-8E4C-F346428DE0C1}.Release|Any CPU.Build.0 = Release|Any CPU
		{46EF66EA-2285-4509-A22E-A0FB6E665DE3}.Debug|Any CPU.ActiveCfg = Debug|Any CPU
		{46EF66EA-2285-4509-A22E-A0FB6E665DE3}.Debug|Any CPU.Build.0 = Debug|Any CPU
		{46EF66EA-2285-4509-A22E-A0FB6E665DE3}.Release|Any CPU.ActiveCfg = Release|Any CPU
		{46EF66EA-2285-4509-A22E-A0FB6E665DE3}.Release|Any CPU.Build.0 = Release|Any CPU
		{F6FAB3D8-C34A-4ADC-AC98-737EA3CF926B}.Debug|Any CPU.ActiveCfg = Debug|Any CPU
		{F6FAB3D8-C34A-4ADC-AC98-737EA3CF926B}.Debug|Any CPU.Build.0 = Debug|Any CPU
		{F6FAB3D8-C34A-4ADC-AC98-737EA3CF926B}.Release|Any CPU.ActiveCfg = Release|Any CPU
		{F6FAB3D8-C34A-4ADC-AC98-737EA3CF926B}.Release|Any CPU.Build.0 = Release|Any CPU
		{FDABBCFB-BBF1-4A2E-9F81-7895B7703941}.Debug|Any CPU.ActiveCfg = Debug|Any CPU
		{FDABBCFB-BBF1-4A2E-9F81-7895B7703941}.Debug|Any CPU.Build.0 = Debug|Any CPU
		{FDABBCFB-BBF1-4A2E-9F81-7895B7703941}.Release|Any CPU.ActiveCfg = Release|Any CPU
		{FDABBCFB-BBF1-4A2E-9F81-7895B7703941}.Release|Any CPU.Build.0 = Release|Any CPU
		{93F633BA-3DA0-4ADB-8C8B-26CDC6615CDE}.Debug|Any CPU.ActiveCfg = Debug|Any CPU
		{93F633BA-3DA0-4ADB-8C8B-26CDC6615CDE}.Debug|Any CPU.Build.0 = Debug|Any CPU
		{93F633BA-3DA0-4ADB-8C8B-26CDC6615CDE}.Release|Any CPU.ActiveCfg = Release|Any CPU
		{93F633BA-3DA0-4ADB-8C8B-26CDC6615CDE}.Release|Any CPU.Build.0 = Release|Any CPU
		{7A767C9E-E538-4915-AB70-6BA03922B880}.Debug|Any CPU.ActiveCfg = Debug|Any CPU
		{7A767C9E-E538-4915-AB70-6BA03922B880}.Debug|Any CPU.Build.0 = Debug|Any CPU
		{7A767C9E-E538-4915-AB70-6BA03922B880}.Release|Any CPU.ActiveCfg = Release|Any CPU
		{7A767C9E-E538-4915-AB70-6BA03922B880}.Release|Any CPU.Build.0 = Release|Any CPU
		{0D8CB644-4F0A-4F20-A0CD-C362BC9BD813}.Debug|Any CPU.ActiveCfg = Debug|Any CPU
		{0D8CB644-4F0A-4F20-A0CD-C362BC9BD813}.Debug|Any CPU.Build.0 = Debug|Any CPU
		{0D8CB644-4F0A-4F20-A0CD-C362BC9BD813}.Release|Any CPU.ActiveCfg = Release|Any CPU
		{0D8CB644-4F0A-4F20-A0CD-C362BC9BD813}.Release|Any CPU.Build.0 = Release|Any CPU
		{9A8FDAC7-1707-4A8E-9672-4B3DBCC4C787}.Debug|Any CPU.ActiveCfg = Debug|Any CPU
		{9A8FDAC7-1707-4A8E-9672-4B3DBCC4C787}.Debug|Any CPU.Build.0 = Debug|Any CPU
		{9A8FDAC7-1707-4A8E-9672-4B3DBCC4C787}.Release|Any CPU.ActiveCfg = Release|Any CPU
		{9A8FDAC7-1707-4A8E-9672-4B3DBCC4C787}.Release|Any CPU.Build.0 = Release|Any CPU
		{98912011-E76F-4794-8E31-9B9811C0714C}.Debug|Any CPU.ActiveCfg = Debug|Any CPU
		{98912011-E76F-4794-8E31-9B9811C0714C}.Debug|Any CPU.Build.0 = Debug|Any CPU
		{98912011-E76F-4794-8E31-9B9811C0714C}.Release|Any CPU.ActiveCfg = Release|Any CPU
		{98912011-E76F-4794-8E31-9B9811C0714C}.Release|Any CPU.Build.0 = Release|Any CPU
		{D9AF048F-B651-4BD7-9A86-42E71DC77A85}.Debug|Any CPU.ActiveCfg = Debug|Any CPU
		{D9AF048F-B651-4BD7-9A86-42E71DC77A85}.Debug|Any CPU.Build.0 = Debug|Any CPU
		{D9AF048F-B651-4BD7-9A86-42E71DC77A85}.Release|Any CPU.ActiveCfg = Release|Any CPU
		{D9AF048F-B651-4BD7-9A86-42E71DC77A85}.Release|Any CPU.Build.0 = Release|Any CPU
		{78A4A8D7-7F44-4BC1-AEBD-5465BA66B108}.Debug|Any CPU.ActiveCfg = Debug|Any CPU
		{78A4A8D7-7F44-4BC1-AEBD-5465BA66B108}.Debug|Any CPU.Build.0 = Debug|Any CPU
		{78A4A8D7-7F44-4BC1-AEBD-5465BA66B108}.Release|Any CPU.ActiveCfg = Release|Any CPU
		{78A4A8D7-7F44-4BC1-AEBD-5465BA66B108}.Release|Any CPU.Build.0 = Release|Any CPU
		{9564BA47-4CCC-48B5-8E74-060B1EC608B3}.Debug|Any CPU.ActiveCfg = Debug|Any CPU
		{9564BA47-4CCC-48B5-8E74-060B1EC608B3}.Debug|Any CPU.Build.0 = Debug|Any CPU
		{9564BA47-4CCC-48B5-8E74-060B1EC608B3}.Release|Any CPU.ActiveCfg = Release|Any CPU
		{9564BA47-4CCC-48B5-8E74-060B1EC608B3}.Release|Any CPU.Build.0 = Release|Any CPU
		{9FD844EA-51F7-42EC-9CB8-7AF3E6410000}.Debug|Any CPU.ActiveCfg = Debug|Any CPU
		{9FD844EA-51F7-42EC-9CB8-7AF3E6410000}.Debug|Any CPU.Build.0 = Debug|Any CPU
		{9FD844EA-51F7-42EC-9CB8-7AF3E6410000}.Release|Any CPU.ActiveCfg = Release|Any CPU
		{9FD844EA-51F7-42EC-9CB8-7AF3E6410000}.Release|Any CPU.Build.0 = Release|Any CPU
		{B56187A7-1659-475C-9127-0465BDBD8852}.Debug|Any CPU.ActiveCfg = Debug|Any CPU
		{B56187A7-1659-475C-9127-0465BDBD8852}.Debug|Any CPU.Build.0 = Debug|Any CPU
		{B56187A7-1659-475C-9127-0465BDBD8852}.Release|Any CPU.ActiveCfg = Release|Any CPU
		{B56187A7-1659-475C-9127-0465BDBD8852}.Release|Any CPU.Build.0 = Release|Any CPU
		{17F33849-5B86-430D-B708-A096C0875D34}.Debug|Any CPU.ActiveCfg = Debug|Any CPU
		{17F33849-5B86-430D-B708-A096C0875D34}.Debug|Any CPU.Build.0 = Debug|Any CPU
		{17F33849-5B86-430D-B708-A096C0875D34}.Release|Any CPU.ActiveCfg = Release|Any CPU
		{17F33849-5B86-430D-B708-A096C0875D34}.Release|Any CPU.Build.0 = Release|Any CPU
		{AEB85A66-63D5-4354-ADF4-D8DE52EA1A9B}.Debug|Any CPU.ActiveCfg = Debug|Any CPU
		{AEB85A66-63D5-4354-ADF4-D8DE52EA1A9B}.Debug|Any CPU.Build.0 = Debug|Any CPU
		{AEB85A66-63D5-4354-ADF4-D8DE52EA1A9B}.Release|Any CPU.ActiveCfg = Release|Any CPU
		{AEB85A66-63D5-4354-ADF4-D8DE52EA1A9B}.Release|Any CPU.Build.0 = Release|Any CPU
		{63650D57-47CC-4CEC-A807-5D79E75FDD2D}.Debug|Any CPU.ActiveCfg = Debug|Any CPU
		{63650D57-47CC-4CEC-A807-5D79E75FDD2D}.Debug|Any CPU.Build.0 = Debug|Any CPU
		{63650D57-47CC-4CEC-A807-5D79E75FDD2D}.Release|Any CPU.ActiveCfg = Release|Any CPU
		{63650D57-47CC-4CEC-A807-5D79E75FDD2D}.Release|Any CPU.Build.0 = Release|Any CPU
		{A1FCAA5E-60CD-466D-8DF6-D6B0851F412F}.Debug|Any CPU.ActiveCfg = Debug|Any CPU
		{A1FCAA5E-60CD-466D-8DF6-D6B0851F412F}.Debug|Any CPU.Build.0 = Debug|Any CPU
		{A1FCAA5E-60CD-466D-8DF6-D6B0851F412F}.Release|Any CPU.ActiveCfg = Release|Any CPU
		{A1FCAA5E-60CD-466D-8DF6-D6B0851F412F}.Release|Any CPU.Build.0 = Release|Any CPU
		{DCA6E169-F75D-4F48-9204-43A6BC9FAF38}.Debug|Any CPU.ActiveCfg = Debug|Any CPU
		{DCA6E169-F75D-4F48-9204-43A6BC9FAF38}.Debug|Any CPU.Build.0 = Debug|Any CPU
		{DCA6E169-F75D-4F48-9204-43A6BC9FAF38}.Release|Any CPU.ActiveCfg = Release|Any CPU
		{DCA6E169-F75D-4F48-9204-43A6BC9FAF38}.Release|Any CPU.Build.0 = Release|Any CPU
		{9ECAF7F0-2199-4E62-AD43-C401DEEB9746}.Debug|Any CPU.ActiveCfg = Debug|Any CPU
		{9ECAF7F0-2199-4E62-AD43-C401DEEB9746}.Debug|Any CPU.Build.0 = Debug|Any CPU
		{9ECAF7F0-2199-4E62-AD43-C401DEEB9746}.Release|Any CPU.ActiveCfg = Release|Any CPU
		{9ECAF7F0-2199-4E62-AD43-C401DEEB9746}.Release|Any CPU.Build.0 = Release|Any CPU
		{165DF1E1-8E13-4E93-B05D-4FE07C88B4DE}.Debug|Any CPU.ActiveCfg = Debug|Any CPU
		{165DF1E1-8E13-4E93-B05D-4FE07C88B4DE}.Debug|Any CPU.Build.0 = Debug|Any CPU
		{165DF1E1-8E13-4E93-B05D-4FE07C88B4DE}.Release|Any CPU.ActiveCfg = Release|Any CPU
		{165DF1E1-8E13-4E93-B05D-4FE07C88B4DE}.Release|Any CPU.Build.0 = Release|Any CPU
		{6C86A521-276A-45C5-AC8C-F151FD657977}.Debug|Any CPU.ActiveCfg = Debug|Any CPU
		{6C86A521-276A-45C5-AC8C-F151FD657977}.Debug|Any CPU.Build.0 = Debug|Any CPU
		{6C86A521-276A-45C5-AC8C-F151FD657977}.Release|Any CPU.ActiveCfg = Release|Any CPU
		{6C86A521-276A-45C5-AC8C-F151FD657977}.Release|Any CPU.Build.0 = Release|Any CPU
		{F82A92B8-49F5-4D50-B35B-C2BE19002149}.Debug|Any CPU.ActiveCfg = Debug|Any CPU
		{F82A92B8-49F5-4D50-B35B-C2BE19002149}.Debug|Any CPU.Build.0 = Debug|Any CPU
		{F82A92B8-49F5-4D50-B35B-C2BE19002149}.Release|Any CPU.ActiveCfg = Release|Any CPU
		{F82A92B8-49F5-4D50-B35B-C2BE19002149}.Release|Any CPU.Build.0 = Release|Any CPU
		{7695AC7D-4FC9-49A5-B14A-93B7F0D762FE}.Debug|Any CPU.ActiveCfg = Debug|Any CPU
		{7695AC7D-4FC9-49A5-B14A-93B7F0D762FE}.Debug|Any CPU.Build.0 = Debug|Any CPU
		{7695AC7D-4FC9-49A5-B14A-93B7F0D762FE}.Release|Any CPU.ActiveCfg = Release|Any CPU
		{7695AC7D-4FC9-49A5-B14A-93B7F0D762FE}.Release|Any CPU.Build.0 = Release|Any CPU
		{9C240346-2BF5-4FF5-8787-2F2DC333A4BB}.Debug|Any CPU.ActiveCfg = Debug|Any CPU
		{9C240346-2BF5-4FF5-8787-2F2DC333A4BB}.Debug|Any CPU.Build.0 = Debug|Any CPU
		{9C240346-2BF5-4FF5-8787-2F2DC333A4BB}.Release|Any CPU.ActiveCfg = Release|Any CPU
		{9C240346-2BF5-4FF5-8787-2F2DC333A4BB}.Release|Any CPU.Build.0 = Release|Any CPU
		{B32DF70A-2820-4700-BCF1-07212B240969}.Debug|Any CPU.ActiveCfg = Debug|Any CPU
		{B32DF70A-2820-4700-BCF1-07212B240969}.Debug|Any CPU.Build.0 = Debug|Any CPU
		{B32DF70A-2820-4700-BCF1-07212B240969}.Release|Any CPU.ActiveCfg = Release|Any CPU
		{B32DF70A-2820-4700-BCF1-07212B240969}.Release|Any CPU.Build.0 = Release|Any CPU
		{E7F81625-EC0A-42D7-9770-688DD2CE7203}.Debug|Any CPU.ActiveCfg = Debug|Any CPU
		{E7F81625-EC0A-42D7-9770-688DD2CE7203}.Debug|Any CPU.Build.0 = Debug|Any CPU
		{E7F81625-EC0A-42D7-9770-688DD2CE7203}.Release|Any CPU.ActiveCfg = Release|Any CPU
		{E7F81625-EC0A-42D7-9770-688DD2CE7203}.Release|Any CPU.Build.0 = Release|Any CPU
		{7969D339-8693-47E4-BA68-D1E6921BAC16}.Debug|Any CPU.ActiveCfg = Debug|Any CPU
		{7969D339-8693-47E4-BA68-D1E6921BAC16}.Debug|Any CPU.Build.0 = Debug|Any CPU
		{7969D339-8693-47E4-BA68-D1E6921BAC16}.Release|Any CPU.ActiveCfg = Release|Any CPU
		{7969D339-8693-47E4-BA68-D1E6921BAC16}.Release|Any CPU.Build.0 = Release|Any CPU
		{62AE6C4F-875A-4AB7-B5FA-363F4680C64F}.Debug|Any CPU.ActiveCfg = Debug|Any CPU
		{62AE6C4F-875A-4AB7-B5FA-363F4680C64F}.Debug|Any CPU.Build.0 = Debug|Any CPU
		{62AE6C4F-875A-4AB7-B5FA-363F4680C64F}.Release|Any CPU.ActiveCfg = Release|Any CPU
		{62AE6C4F-875A-4AB7-B5FA-363F4680C64F}.Release|Any CPU.Build.0 = Release|Any CPU
		{F38E0598-5E72-4DEF-9A7D-2505C80249B1}.Debug|Any CPU.ActiveCfg = Debug|Any CPU
		{F38E0598-5E72-4DEF-9A7D-2505C80249B1}.Debug|Any CPU.Build.0 = Debug|Any CPU
		{F38E0598-5E72-4DEF-9A7D-2505C80249B1}.Release|Any CPU.ActiveCfg = Release|Any CPU
		{F38E0598-5E72-4DEF-9A7D-2505C80249B1}.Release|Any CPU.Build.0 = Release|Any CPU
		{7DFAC69F-BE63-43BC-990B-C3C3D57904A6}.Debug|Any CPU.ActiveCfg = Debug|Any CPU
		{7DFAC69F-BE63-43BC-990B-C3C3D57904A6}.Debug|Any CPU.Build.0 = Debug|Any CPU
		{7DFAC69F-BE63-43BC-990B-C3C3D57904A6}.Release|Any CPU.ActiveCfg = Release|Any CPU
		{7DFAC69F-BE63-43BC-990B-C3C3D57904A6}.Release|Any CPU.Build.0 = Release|Any CPU
		{5668966F-512B-49DB-8F9E-75B4B59EBE67}.Debug|Any CPU.ActiveCfg = Debug|Any CPU
		{5668966F-512B-49DB-8F9E-75B4B59EBE67}.Debug|Any CPU.Build.0 = Debug|Any CPU
		{5668966F-512B-49DB-8F9E-75B4B59EBE67}.Release|Any CPU.ActiveCfg = Release|Any CPU
		{5668966F-512B-49DB-8F9E-75B4B59EBE67}.Release|Any CPU.Build.0 = Release|Any CPU
		{45526A81-B68E-41DA-A07B-59DBCF2E0679}.Debug|Any CPU.ActiveCfg = Debug|Any CPU
		{45526A81-B68E-41DA-A07B-59DBCF2E0679}.Debug|Any CPU.Build.0 = Debug|Any CPU
		{45526A81-B68E-41DA-A07B-59DBCF2E0679}.Release|Any CPU.ActiveCfg = Release|Any CPU
		{45526A81-B68E-41DA-A07B-59DBCF2E0679}.Release|Any CPU.Build.0 = Release|Any CPU
		{654272DA-CC5F-4BBF-8074-202F7DF5BA33}.Debug|Any CPU.ActiveCfg = Debug|Any CPU
		{654272DA-CC5F-4BBF-8074-202F7DF5BA33}.Debug|Any CPU.Build.0 = Debug|Any CPU
		{654272DA-CC5F-4BBF-8074-202F7DF5BA33}.Release|Any CPU.ActiveCfg = Release|Any CPU
		{654272DA-CC5F-4BBF-8074-202F7DF5BA33}.Release|Any CPU.Build.0 = Release|Any CPU
		{0BC150C0-CB63-4D52-99D5-A609EA79469F}.Debug|Any CPU.ActiveCfg = Debug|Any CPU
		{0BC150C0-CB63-4D52-99D5-A609EA79469F}.Debug|Any CPU.Build.0 = Debug|Any CPU
		{0BC150C0-CB63-4D52-99D5-A609EA79469F}.Release|Any CPU.ActiveCfg = Release|Any CPU
		{0BC150C0-CB63-4D52-99D5-A609EA79469F}.Release|Any CPU.Build.0 = Release|Any CPU
		{F0D799CE-C4A9-4E68-8C2D-AEB399FFEE65}.Debug|Any CPU.ActiveCfg = Debug|Any CPU
		{F0D799CE-C4A9-4E68-8C2D-AEB399FFEE65}.Debug|Any CPU.Build.0 = Debug|Any CPU
		{F0D799CE-C4A9-4E68-8C2D-AEB399FFEE65}.Release|Any CPU.ActiveCfg = Release|Any CPU
		{F0D799CE-C4A9-4E68-8C2D-AEB399FFEE65}.Release|Any CPU.Build.0 = Release|Any CPU
		{613C93EF-756D-44E2-9FD8-755FE3944491}.Debug|Any CPU.ActiveCfg = Debug|Any CPU
		{613C93EF-756D-44E2-9FD8-755FE3944491}.Debug|Any CPU.Build.0 = Debug|Any CPU
		{613C93EF-756D-44E2-9FD8-755FE3944491}.Release|Any CPU.ActiveCfg = Release|Any CPU
		{613C93EF-756D-44E2-9FD8-755FE3944491}.Release|Any CPU.Build.0 = Release|Any CPU
		{718E6780-EB40-49E6-A679-E2382D06D576}.Debug|Any CPU.ActiveCfg = Debug|Any CPU
		{718E6780-EB40-49E6-A679-E2382D06D576}.Debug|Any CPU.Build.0 = Debug|Any CPU
		{718E6780-EB40-49E6-A679-E2382D06D576}.Release|Any CPU.ActiveCfg = Release|Any CPU
		{718E6780-EB40-49E6-A679-E2382D06D576}.Release|Any CPU.Build.0 = Release|Any CPU
		{1E0B4F16-FAA5-4A16-BC2B-6830560FAD32}.Debug|Any CPU.ActiveCfg = Debug|Any CPU
		{1E0B4F16-FAA5-4A16-BC2B-6830560FAD32}.Debug|Any CPU.Build.0 = Debug|Any CPU
		{1E0B4F16-FAA5-4A16-BC2B-6830560FAD32}.Release|Any CPU.ActiveCfg = Release|Any CPU
		{1E0B4F16-FAA5-4A16-BC2B-6830560FAD32}.Release|Any CPU.Build.0 = Release|Any CPU
		{0FA52590-5ABE-472F-BCAE-024D36C6C043}.Debug|Any CPU.ActiveCfg = Debug|Any CPU
		{0FA52590-5ABE-472F-BCAE-024D36C6C043}.Debug|Any CPU.Build.0 = Debug|Any CPU
		{0FA52590-5ABE-472F-BCAE-024D36C6C043}.Release|Any CPU.ActiveCfg = Release|Any CPU
		{0FA52590-5ABE-472F-BCAE-024D36C6C043}.Release|Any CPU.Build.0 = Release|Any CPU
		{05AD8EB3-C9E6-4C57-B6C9-2EA465F024BD}.Debug|Any CPU.ActiveCfg = Debug|Any CPU
		{05AD8EB3-C9E6-4C57-B6C9-2EA465F024BD}.Debug|Any CPU.Build.0 = Debug|Any CPU
		{05AD8EB3-C9E6-4C57-B6C9-2EA465F024BD}.Release|Any CPU.ActiveCfg = Release|Any CPU
		{05AD8EB3-C9E6-4C57-B6C9-2EA465F024BD}.Release|Any CPU.Build.0 = Release|Any CPU
		{0C3E12A5-B853-4B13-9F82-7E9DC7F6B823}.Debug|Any CPU.ActiveCfg = Debug|Any CPU
		{0C3E12A5-B853-4B13-9F82-7E9DC7F6B823}.Debug|Any CPU.Build.0 = Debug|Any CPU
		{0C3E12A5-B853-4B13-9F82-7E9DC7F6B823}.Release|Any CPU.ActiveCfg = Release|Any CPU
		{0C3E12A5-B853-4B13-9F82-7E9DC7F6B823}.Release|Any CPU.Build.0 = Release|Any CPU
		{2C1AF7F4-F691-4F9B-8DC4-0672FE4886B5}.Debug|Any CPU.ActiveCfg = Debug|Any CPU
		{2C1AF7F4-F691-4F9B-8DC4-0672FE4886B5}.Debug|Any CPU.Build.0 = Debug|Any CPU
		{2C1AF7F4-F691-4F9B-8DC4-0672FE4886B5}.Release|Any CPU.ActiveCfg = Release|Any CPU
		{2C1AF7F4-F691-4F9B-8DC4-0672FE4886B5}.Release|Any CPU.Build.0 = Release|Any CPU
		{1E588320-9CBA-438B-B96E-733866C5C7D2}.Debug|Any CPU.ActiveCfg = Debug|Any CPU
		{1E588320-9CBA-438B-B96E-733866C5C7D2}.Debug|Any CPU.Build.0 = Debug|Any CPU
		{1E588320-9CBA-438B-B96E-733866C5C7D2}.Release|Any CPU.ActiveCfg = Release|Any CPU
		{1E588320-9CBA-438B-B96E-733866C5C7D2}.Release|Any CPU.Build.0 = Release|Any CPU
		{BAB4B915-AF5F-492A-A9FA-B7B18ACE2405}.Debug|Any CPU.ActiveCfg = Debug|Any CPU
		{BAB4B915-AF5F-492A-A9FA-B7B18ACE2405}.Debug|Any CPU.Build.0 = Debug|Any CPU
		{BAB4B915-AF5F-492A-A9FA-B7B18ACE2405}.Release|Any CPU.ActiveCfg = Release|Any CPU
		{BAB4B915-AF5F-492A-A9FA-B7B18ACE2405}.Release|Any CPU.Build.0 = Release|Any CPU
		{6DFED105-4505-43E0-B5B1-830428A3BF18}.Debug|Any CPU.ActiveCfg = Debug|Any CPU
		{6DFED105-4505-43E0-B5B1-830428A3BF18}.Debug|Any CPU.Build.0 = Debug|Any CPU
		{6DFED105-4505-43E0-B5B1-830428A3BF18}.Release|Any CPU.ActiveCfg = Release|Any CPU
		{6DFED105-4505-43E0-B5B1-830428A3BF18}.Release|Any CPU.Build.0 = Release|Any CPU
		{F8DC7DC2-1E61-4134-B5E0-8E8C80341232}.Debug|Any CPU.ActiveCfg = Debug|Any CPU
		{F8DC7DC2-1E61-4134-B5E0-8E8C80341232}.Debug|Any CPU.Build.0 = Debug|Any CPU
		{F8DC7DC2-1E61-4134-B5E0-8E8C80341232}.Release|Any CPU.ActiveCfg = Release|Any CPU
		{F8DC7DC2-1E61-4134-B5E0-8E8C80341232}.Release|Any CPU.Build.0 = Release|Any CPU
		{422C8A65-05CF-4DD8-8481-BD74DB3B5DC8}.Debug|Any CPU.ActiveCfg = Debug|Any CPU
		{422C8A65-05CF-4DD8-8481-BD74DB3B5DC8}.Debug|Any CPU.Build.0 = Debug|Any CPU
		{422C8A65-05CF-4DD8-8481-BD74DB3B5DC8}.Release|Any CPU.ActiveCfg = Release|Any CPU
		{422C8A65-05CF-4DD8-8481-BD74DB3B5DC8}.Release|Any CPU.Build.0 = Release|Any CPU
	EndGlobalSection
	GlobalSection(NestedProjects) = preSolution
		{5668966F-512B-49DB-8F9E-75B4B59EBE67} = {A7C0A865-97EB-4D30-A2B4-6470E2830FE0}
		{718E6780-EB40-49E6-A679-E2382D06D576} = {A7C0A865-97EB-4D30-A2B4-6470E2830FE0}
		{654272DA-CC5F-4BBF-8074-202F7DF5BA33} = {A7C0A865-97EB-4D30-A2B4-6470E2830FE0}
		{1E0B4F16-FAA5-4A16-BC2B-6830560FAD32} = {A7C0A865-97EB-4D30-A2B4-6470E2830FE0}
		{F0D799CE-C4A9-4E68-8C2D-AEB399FFEE65} = {A7C0A865-97EB-4D30-A2B4-6470E2830FE0}
		{0FA52590-5ABE-472F-BCAE-024D36C6C043} = {A7C0A865-97EB-4D30-A2B4-6470E2830FE0}
		{0BC150C0-CB63-4D52-99D5-A609EA79469F} = {A7C0A865-97EB-4D30-A2B4-6470E2830FE0}
		{613C93EF-756D-44E2-9FD8-755FE3944491} = {A7C0A865-97EB-4D30-A2B4-6470E2830FE0}
		{F38E0598-5E72-4DEF-9A7D-2505C80249B1} = {A7C0A865-97EB-4D30-A2B4-6470E2830FE0}
		{E7F81625-EC0A-42D7-9770-688DD2CE7203} = {A7C0A865-97EB-4D30-A2B4-6470E2830FE0}
		{7969D339-8693-47E4-BA68-D1E6921BAC16} = {A7C0A865-97EB-4D30-A2B4-6470E2830FE0}
		{62AE6C4F-875A-4AB7-B5FA-363F4680C64F} = {A7C0A865-97EB-4D30-A2B4-6470E2830FE0}
		{B32DF70A-2820-4700-BCF1-07212B240969} = {A7C0A865-97EB-4D30-A2B4-6470E2830FE0}
		{7DFAC69F-BE63-43BC-990B-C3C3D57904A6} = {A7C0A865-97EB-4D30-A2B4-6470E2830FE0}
		{6C86A521-276A-45C5-AC8C-F151FD657977} = {FD00710E-7F79-4DE7-919D-ED044DF5C0AF}
		{9ECAF7F0-2199-4E62-AD43-C401DEEB9746} = {FD00710E-7F79-4DE7-919D-ED044DF5C0AF}
		{DCA6E169-F75D-4F48-9204-43A6BC9FAF38} = {FD00710E-7F79-4DE7-919D-ED044DF5C0AF}
		{7695AC7D-4FC9-49A5-B14A-93B7F0D762FE} = {FD00710E-7F79-4DE7-919D-ED044DF5C0AF}
		{9C240346-2BF5-4FF5-8787-2F2DC333A4BB} = {FD00710E-7F79-4DE7-919D-ED044DF5C0AF}
		{F82A92B8-49F5-4D50-B35B-C2BE19002149} = {FD00710E-7F79-4DE7-919D-ED044DF5C0AF}
		{165DF1E1-8E13-4E93-B05D-4FE07C88B4DE} = {FD00710E-7F79-4DE7-919D-ED044DF5C0AF}
		{9564BA47-4CCC-48B5-8E74-060B1EC608B3} = {FD00710E-7F79-4DE7-919D-ED044DF5C0AF}
		{D9AF048F-B651-4BD7-9A86-42E71DC77A85} = {FD00710E-7F79-4DE7-919D-ED044DF5C0AF}
		{9A8FDAC7-1707-4A8E-9672-4B3DBCC4C787} = {FD00710E-7F79-4DE7-919D-ED044DF5C0AF}
		{98912011-E76F-4794-8E31-9B9811C0714C} = {FD00710E-7F79-4DE7-919D-ED044DF5C0AF}
		{78A4A8D7-7F44-4BC1-AEBD-5465BA66B108} = {FD00710E-7F79-4DE7-919D-ED044DF5C0AF}
		{B56187A7-1659-475C-9127-0465BDBD8852} = {FD00710E-7F79-4DE7-919D-ED044DF5C0AF}
		{AEB85A66-63D5-4354-ADF4-D8DE52EA1A9B} = {FD00710E-7F79-4DE7-919D-ED044DF5C0AF}
		{17F33849-5B86-430D-B708-A096C0875D34} = {FD00710E-7F79-4DE7-919D-ED044DF5C0AF}
		{9FD844EA-51F7-42EC-9CB8-7AF3E6410000} = {FD00710E-7F79-4DE7-919D-ED044DF5C0AF}
		{63650D57-47CC-4CEC-A807-5D79E75FDD2D} = {FD00710E-7F79-4DE7-919D-ED044DF5C0AF}
		{0D8CB644-4F0A-4F20-A0CD-C362BC9BD813} = {FD00710E-7F79-4DE7-919D-ED044DF5C0AF}
		{A1FCAA5E-60CD-466D-8DF6-D6B0851F412F} = {FD00710E-7F79-4DE7-919D-ED044DF5C0AF}
		{7A767C9E-E538-4915-AB70-6BA03922B880} = {FD00710E-7F79-4DE7-919D-ED044DF5C0AF}
		{C74769C8-03F3-4961-A6D4-F32E7B16414E} = {FD00710E-7F79-4DE7-919D-ED044DF5C0AF}
		{69F6863E-0B5A-47A6-8E4C-F346428DE0C1} = {FD00710E-7F79-4DE7-919D-ED044DF5C0AF}
		{D0313200-5D97-415A-86E6-ABAD5C840E8B} = {FD00710E-7F79-4DE7-919D-ED044DF5C0AF}
		{FDABBCFB-BBF1-4A2E-9F81-7895B7703941} = {FD00710E-7F79-4DE7-919D-ED044DF5C0AF}
		{93F633BA-3DA0-4ADB-8C8B-26CDC6615CDE} = {FD00710E-7F79-4DE7-919D-ED044DF5C0AF}
		{699AA876-78A1-46A2-8399-54517331CA7D} = {FD00710E-7F79-4DE7-919D-ED044DF5C0AF}
		{46EF66EA-2285-4509-A22E-A0FB6E665DE3} = {FD00710E-7F79-4DE7-919D-ED044DF5C0AF}
		{F6FAB3D8-C34A-4ADC-AC98-737EA3CF926B} = {FD00710E-7F79-4DE7-919D-ED044DF5C0AF}
		{832C87E6-2592-4DCC-8304-64B407FF78A6} = {FD00710E-7F79-4DE7-919D-ED044DF5C0AF}
		{C7082EBF-0784-45FB-A34C-33DBF2F1702B} = {FD00710E-7F79-4DE7-919D-ED044DF5C0AF}
		{63414405-0580-4E7F-B602-C00E73054F07} = {FD00710E-7F79-4DE7-919D-ED044DF5C0AF}
		{05644BEF-6923-43D7-B77A-ADCA9572D29E} = {FD00710E-7F79-4DE7-919D-ED044DF5C0AF}
		{AB1B51ED-C61B-4B29-83A3-1FFE2B1DB2F4} = {FD00710E-7F79-4DE7-919D-ED044DF5C0AF}
		{3D7410F6-454F-4D16-ACF8-08A7EDC47FBB} = {FD00710E-7F79-4DE7-919D-ED044DF5C0AF}
		{D3CE477F-7F3B-4826-B94B-7EEC3E7165AF} = {FD00710E-7F79-4DE7-919D-ED044DF5C0AF}
		{D543B61E-5DC6-408B-8B81-0EFE1664B681} = {A478E819-3344-4295-B9D4-F691F1B43A3F}
		{695B1ACB-C70C-463F-A6E4-5D55CDA9635B} = {A478E819-3344-4295-B9D4-F691F1B43A3F}
		{95E805D3-A398-4ACE-AAC9-249C58B14A33} = {A478E819-3344-4295-B9D4-F691F1B43A3F}
		{5429CEE2-1652-4D8D-9796-92F22F932D09} = {A478E819-3344-4295-B9D4-F691F1B43A3F}
		{2FE4570C-DA00-4EF9-8F4C-A3A7AF06A700} = {A478E819-3344-4295-B9D4-F691F1B43A3F}
		{2B2F1AB7-9E5C-43CB-901A-B138AAAA062E} = {A478E819-3344-4295-B9D4-F691F1B43A3F}
		{B747FEE1-37F9-4535-86A5-433F8B0F7FC7} = {A478E819-3344-4295-B9D4-F691F1B43A3F}
		{F18562AA-C8B8-452B-B4FE-6698772633AC} = {FF97F6BC-10B7-44DE-8A8B-745DABD2339B}
		{41D5D27E-7A88-4E0B-A684-27A99555BCC2} = {FF97F6BC-10B7-44DE-8A8B-745DABD2339B}
		{753F95F4-6423-45AC-B2C3-A33A5334CC9C} = {FF97F6BC-10B7-44DE-8A8B-745DABD2339B}
		{7B6AAE58-A71C-4945-BC6B-38BB2FC2F6A5} = {FF97F6BC-10B7-44DE-8A8B-745DABD2339B}
		{C5832B32-4D22-4D5C-8D02-F594DF056EE7} = {FF97F6BC-10B7-44DE-8A8B-745DABD2339B}
		{EC02D279-56A0-41CA-84E8-99876A19E643} = {FF97F6BC-10B7-44DE-8A8B-745DABD2339B}
		{3C13970C-3328-48DB-A53E-6EEEDCC87D8B} = {FF97F6BC-10B7-44DE-8A8B-745DABD2339B}
		{EC33DF9C-1EBA-4FC9-9F91-AFF99B78E3B1} = {FF97F6BC-10B7-44DE-8A8B-745DABD2339B}
		{08B626C5-A80D-4C80-91CE-8FD08674A4B4} = {FF97F6BC-10B7-44DE-8A8B-745DABD2339B}
		{452C7E7B-4EE8-44E9-99DD-1D956410F042} = {FF97F6BC-10B7-44DE-8A8B-745DABD2339B}
		{FA058E92-5431-4993-9790-021CCF49AC6A} = {FF97F6BC-10B7-44DE-8A8B-745DABD2339B}
		{31E5647E-AEAE-4BA2-A6B6-2E5A081DA58C} = {FF97F6BC-10B7-44DE-8A8B-745DABD2339B}
		{E61A80EA-2A7C-413A-A291-93CB4CA3B508} = {BAB4AA07-8EB7-4C94-8EE8-DEF7A8E7CC52}
		{086457D9-9F27-45FE-AF81-83E3088ECFCB} = {BAB4AA07-8EB7-4C94-8EE8-DEF7A8E7CC52}
		{526FD725-684D-4698-BD19-FC79075029B7} = {BAB4AA07-8EB7-4C94-8EE8-DEF7A8E7CC52}
		{CFF66839-AD0C-42CF-85E0-DCF167729425} = {C8EBB46C-893E-4549-A8E9-220A85E9BC12}
		{33BACD2A-F9B1-4933-83AC-4196FE19489D} = {BAB4AA07-8EB7-4C94-8EE8-DEF7A8E7CC52}
		{33480845-40FF-4BC4-93A3-E6E6D059495E} = {BAB4AA07-8EB7-4C94-8EE8-DEF7A8E7CC52}
		{EF9DBD3D-08AE-4962-8ED0-69625A10D992} = {BAB4AA07-8EB7-4C94-8EE8-DEF7A8E7CC52}
		{CC761E0A-C085-4012-92A1-0AE277864420} = {BAB4AA07-8EB7-4C94-8EE8-DEF7A8E7CC52}
		{4CBC3902-9CB8-4A1A-A880-64B7BBFFEDC3} = {BAB4AA07-8EB7-4C94-8EE8-DEF7A8E7CC52}
		{D49A2D45-84CE-44A2-9A0A-754A76757831} = {BAB4AA07-8EB7-4C94-8EE8-DEF7A8E7CC52}
		{FD92AEC0-43EB-4F4C-A554-1037E5907D78} = {BAB4AA07-8EB7-4C94-8EE8-DEF7A8E7CC52}
		{6B0A242E-AA99-42D7-B93D-1E61658A4D06} = {BAB4AA07-8EB7-4C94-8EE8-DEF7A8E7CC52}
		{A6A297EB-0313-4F4F-9D0C-5EFA7CF1655A} = {BAB4AA07-8EB7-4C94-8EE8-DEF7A8E7CC52}
		{C42057E4-3D18-4807-9D72-01378F3283A3} = {BAB4AA07-8EB7-4C94-8EE8-DEF7A8E7CC52}
		{2F21337E-5154-462C-97FF-D31C539908DA} = {BAB4AA07-8EB7-4C94-8EE8-DEF7A8E7CC52}
		{234BC6F9-DC67-4A61-8346-9A6EE038E229} = {BAB4AA07-8EB7-4C94-8EE8-DEF7A8E7CC52}
		{63DA9BFF-DC05-4918-9448-81E46D506260} = {C8EBB46C-893E-4549-A8E9-220A85E9BC12}
		{16412D73-68B0-48FA-AB13-702158B58915} = {C8EBB46C-893E-4549-A8E9-220A85E9BC12}
		{71713F5A-5E75-47B2-9D79-81BA36732A62} = {C8EBB46C-893E-4549-A8E9-220A85E9BC12}
		{AEB27734-0B4C-489F-B7E2-D01B35242A86} = {C8EBB46C-893E-4549-A8E9-220A85E9BC12}
		{9BF80414-4EE3-4B0C-9239-59DD6FDA580D} = {C8EBB46C-893E-4549-A8E9-220A85E9BC12}
		{7F641F7C-745E-42AC-80E4-0CBB60894E24} = {C8EBB46C-893E-4549-A8E9-220A85E9BC12}
		{69D611EA-2C1E-4181-85BE-6AB16A43CFF1} = {C8EBB46C-893E-4549-A8E9-220A85E9BC12}
		{1250EAC4-F11E-4751-BBDD-55DDD00208C2} = {C8EBB46C-893E-4549-A8E9-220A85E9BC12}
		{041B2171-861A-48F4-B22E-4E489281F86B} = {C8EBB46C-893E-4549-A8E9-220A85E9BC12}
		{D2B758A4-5492-4572-99B5-45A0F5AF7162} = {C8EBB46C-893E-4549-A8E9-220A85E9BC12}
		{BE0A869E-3FBC-49B9-A339-37BED426F6B0} = {C8EBB46C-893E-4549-A8E9-220A85E9BC12}
		{CF421F3E-2CFB-49B1-A561-CBCC698C158E} = {CE692B17-D481-451B-AC10-15327283AC94}
		{B92A8F3E-3FC8-4E00-9285-399BC6DDD985} = {CE692B17-D481-451B-AC10-15327283AC94}
		{3095A1C7-1BBD-4375-8C54-3C0A19E8B362} = {CE692B17-D481-451B-AC10-15327283AC94}
		{62FFD81C-CBA6-4000-AD52-3120830A6829} = {CE692B17-D481-451B-AC10-15327283AC94}
		{60D37038-558F-4CCD-846D-463E5CED5EA7} = {CE692B17-D481-451B-AC10-15327283AC94}
		{C1A39C7E-F478-4BD5-AD5F-9B27C34D30A4} = {CE692B17-D481-451B-AC10-15327283AC94}
		{D9300FAD-4CA6-40FB-BE79-F85CCCE7CC33} = {CE692B17-D481-451B-AC10-15327283AC94}
		{70CEF1D7-B8CC-4057-A013-F5810350AE95} = {CE692B17-D481-451B-AC10-15327283AC94}
		{71C46511-B309-4C09-AC0F-339E3429CCED} = {CE692B17-D481-451B-AC10-15327283AC94}
		{9EBF27D7-EC6A-43C2-BCB5-A7D0FD9D652B} = {CE692B17-D481-451B-AC10-15327283AC94}
		{4BDC8878-13F6-432C-85BC-CDB9602D3EFD} = {CE692B17-D481-451B-AC10-15327283AC94}
		{3AFC0490-C9A3-432E-8D36-0622632F9D3D} = {CE692B17-D481-451B-AC10-15327283AC94}
		{FE900524-5C1B-4BE1-B876-88696559C987} = {61C346AD-8B10-44A2-8D70-95BE3E84881D}
		{1526C864-1EA4-4734-AA43-08A76CBB2AF2} = {61C346AD-8B10-44A2-8D70-95BE3E84881D}
	EndGlobalSection
EndGlobal
