
Microsoft Visual Studio Solution File, Format Version 12.00
# Visual Studio Version 17
VisualStudioVersion = 17.0.31903.59
MinimumVisualStudioVersion = 10.0.40219.1
Project("{FAE04EC0-301F-11D3-BF4B-00C04F79EFBC}") = "ProjectA", "ProjectA\ProjectA.csproj", "{3AFC0490-C9A3-432E-8D36-0622632F9D3D}"
EndProject
Project("{FAE04EC0-301F-11D3-BF4B-00C04F79EFBC}") = "ProjectB", "ProjectB\ProjectB.csproj", "{4BDC8878-13F6-432C-85BC-CDB9602D3EFD}"
EndProject
Project("{FAE04EC0-301F-11D3-BF4B-00C04F79EFBC}") = "ProjectC", "ProjectC\ProjectC.csproj", "{9EBF27D7-EC6A-43C2-BCB5-A7D0FD9D652B}"
EndProject
Project("{FAE04EC0-301F-11D3-BF4B-00C04F79EFBC}") = "Calculator", "Calculator\Calculator.csproj", "{1526C864-1EA4-4734-AA43-08A76CBB2AF2}"
EndProject
Project("{FAE04EC0-301F-11D3-BF4B-00C04F79EFBC}") = "Constructor", "Constructor\Constructor.csproj", "{FE900524-5C1B-4BE1-B876-88696559C987}"
EndProject
Project("{2150E333-8FDC-42A3-9474-1A3956D46DE8}") = "Day 01", "Day 01", "{61C346AD-8B10-44A2-8D70-95BE3E84881D}"
EndProject
Project("{2150E333-8FDC-42A3-9474-1A3956D46DE8}") = "Day 02", "Day 02", "{CE692B17-D481-451B-AC10-15327283AC94}"
EndProject
Project("{FAE04EC0-301F-11D3-BF4B-00C04F79EFBC}") = "Constructor 2", "Constructor 2\Constructor 2.csproj", "{71C46511-B309-4C09-AC0F-339E3429CCED}"
EndProject
Project("{FAE04EC0-301F-11D3-BF4B-00C04F79EFBC}") = "Constructor 3", "Constructor 3\Constructor 3.csproj", "{70CEF1D7-B8CC-4057-A013-F5810350AE95}"
EndProject
Project("{FAE04EC0-301F-11D3-BF4B-00C04F79EFBC}") = "Car", "Car\Car.csproj", "{D9300FAD-4CA6-40FB-BE79-F85CCCE7CC33}"
EndProject
Project("{FAE04EC0-301F-11D3-BF4B-00C04F79EFBC}") = "Animals", "Animals\Animals.csproj", "{C1A39C7E-F478-4BD5-AD5F-9B27C34D30A4}"
EndProject
Project("{FAE04EC0-301F-11D3-BF4B-00C04F79EFBC}") = "Calculatorr", "Calculatorr\Calculatorr.csproj", "{62FFD81C-CBA6-4000-AD52-3120830A6829}"
EndProject
Project("{FAE04EC0-301F-11D3-BF4B-00C04F79EFBC}") = "Value vs Reference Type", "Value vs Reference Type\Value vs Reference Type.csproj", "{CF421F3E-2CFB-49B1-A561-CBCC698C158E}"
EndProject
Project("{FAE04EC0-301F-11D3-BF4B-00C04F79EFBC}") = "String vs StringBuilder", "String vs StringBuilder\String vs StringBuilder.csproj", "{B92A8F3E-3FC8-4E00-9285-399BC6DDD985}"
EndProject
Project("{FAE04EC0-301F-11D3-BF4B-00C04F79EFBC}") = "CalculatorLib", "CalculatorLib\CalculatorLib.csproj", "{60D37038-558F-4CCD-846D-463E5CED5EA7}"
EndProject
Project("{FAE04EC0-301F-11D3-BF4B-00C04F79EFBC}") = "Encapsulation", "Encapsulation\Encapsulation.csproj", "{3095A1C7-1BBD-4375-8C54-3C0A19E8B362}"
EndProject
Project("{FAE04EC0-301F-11D3-BF4B-00C04F79EFBC}") = "Overriding", "Overriding\Overriding.csproj", "{71713F5A-5E75-47B2-9D79-81BA36732A62}"
EndProject
Project("{FAE04EC0-301F-11D3-BF4B-00C04F79EFBC}") = "Object", "Object\Object.csproj", "{9BF80414-4EE3-4B0C-9239-59DD6FDA580D}"
EndProject
Project("{FAE04EC0-301F-11D3-BF4B-00C04F79EFBC}") = "Object Return and Param", "Object Return and Param\Object Return and Param.csproj", "{AEB27734-0B4C-489F-B7E2-D01B35242A86}"
EndProject
Project("{FAE04EC0-301F-11D3-BF4B-00C04F79EFBC}") = "Static", "Static\Static.csproj", "{63DA9BFF-DC05-4918-9448-81E46D506260}"
EndProject
Project("{FAE04EC0-301F-11D3-BF4B-00C04F79EFBC}") = "ExtensionMethod", "ExtensionMethod\ExtensionMethod.csproj", "{1250EAC4-F11E-4751-BBDD-55DDD00208C2}"
EndProject
Project("{FAE04EC0-301F-11D3-BF4B-00C04F79EFBC}") = "CLA", "CLA\CLA.csproj", "{041B2171-861A-48F4-B22E-4E489281F86B}"
EndProject
Project("{FAE04EC0-301F-11D3-BF4B-00C04F79EFBC}") = "Params inparameter", "Params inparameter\Params inparameter.csproj", "{16412D73-68B0-48FA-AB13-702158B58915}"
EndProject
Project("{FAE04EC0-301F-11D3-BF4B-00C04F79EFBC}") = "AbstractClass", "AbstractClass\AbstractClass.csproj", "{D2B758A4-5492-4572-99B5-45A0F5AF7162}"
EndProject
Project("{FAE04EC0-301F-11D3-BF4B-00C04F79EFBC}") = "AbstractCard", "AbstractCard\AbstractCard.csproj", "{BE0A869E-3FBC-49B9-A339-37BED426F6B0}"
EndProject
Project("{FAE04EC0-301F-11D3-BF4B-00C04F79EFBC}") = "IfNotImplementAbstraction", "IfNotImplementAbstraction\IfNotImplementAbstraction.csproj", "{7F641F7C-745E-42AC-80E4-0CBB60894E24}"
EndProject
Project("{FAE04EC0-301F-11D3-BF4B-00C04F79EFBC}") = "GrandParent", "GrandParent\GrandParent.csproj", "{69D611EA-2C1E-4181-85BE-6AB16A43CFF1}"
EndProject
Project("{2150E333-8FDC-42A3-9474-1A3956D46DE8}") = "Day 03", "Day 03", "{C8EBB46C-893E-4549-A8E9-220A85E9BC12}"
EndProject
Project("{FAE04EC0-301F-11D3-BF4B-00C04F79EFBC}") = "Test", "Test\Test.csproj", "{E61A80EA-2A7C-413A-A291-93CB4CA3B508}"
EndProject
Project("{FAE04EC0-301F-11D3-BF4B-00C04F79EFBC}") = "Properties", "Properties\Properties.csproj", "{526FD725-684D-4698-BD19-FC79075029B7}"
EndProject
Project("{FAE04EC0-301F-11D3-BF4B-00C04F79EFBC}") = "CustomProperties", "CustomProperties\CustomProperties.csproj", "{234BC6F9-DC67-4A61-8346-9A6EE038E229}"
EndProject
Project("{FAE04EC0-301F-11D3-BF4B-00C04F79EFBC}") = "PropertiesVariableMethod", "PropertiesVariableMethod\PropertiesVariableMethod.csproj", "{CFF66839-AD0C-42CF-85E0-DCF167729425}"
EndProject
Project("{FAE04EC0-301F-11D3-BF4B-00C04F79EFBC}") = "Interfaces", "Interfaces\Interfaces.csproj", "{EF9DBD3D-08AE-4962-8ED0-69625A10D992}"
EndProject
Project("{FAE04EC0-301F-11D3-BF4B-00C04F79EFBC}") = "PrinterInterfaces", "PrinterInterfaces\PrinterInterfaces.csproj", "{33BACD2A-F9B1-4933-83AC-4196FE19489D}"
EndProject
Project("{FAE04EC0-301F-11D3-BF4B-00C04F79EFBC}") = "MultipleInheritance", "MultipleInheritance\MultipleInheritance.csproj", "{33480845-40FF-4BC4-93A3-E6E6D059495E}"
EndProject
Project("{FAE04EC0-301F-11D3-BF4B-00C04F79EFBC}") = "GameandPlayerInterfaces", "GameandPlayerInterfaces\GameandPlayerInterfaces.csproj", "{A6A297EB-0313-4F4F-9D0C-5EFA7CF1655A}"
EndProject
Project("{FAE04EC0-301F-11D3-BF4B-00C04F79EFBC}") = "EnumsToArray", "EnumsToArray\EnumsToArray.csproj", "{2F21337E-5154-462C-97FF-D31C539908DA}"
EndProject
Project("{FAE04EC0-301F-11D3-BF4B-00C04F79EFBC}") = "EnumTutorial", "EnumTutorial\EnumTutorial.csproj", "{C42057E4-3D18-4807-9D72-01378F3283A3}"
EndProject
Project("{FAE04EC0-301F-11D3-BF4B-00C04F79EFBC}") = "HumanTypeEnum", "HumanTypeEnum\HumanTypeEnum.csproj", "{CC761E0A-C085-4012-92A1-0AE277864420}"
EndProject
Project("{FAE04EC0-301F-11D3-BF4B-00C04F79EFBC}") = "WithoutGeneric", "WithoutGeneric\WithoutGeneric.csproj", "{086457D9-9F27-45FE-AF81-83E3088ECFCB}"
EndProject
Project("{FAE04EC0-301F-11D3-BF4B-00C04F79EFBC}") = "Generic+Tuple", "Generic+Tuple\Generic+Tuple.csproj", "{6B0A242E-AA99-42D7-B93D-1E61658A4D06}"
EndProject
Project("{FAE04EC0-301F-11D3-BF4B-00C04F79EFBC}") = "GenericNotUseTuple", "GenericNotUseTuple\GenericNotUseTuple.csproj", "{4CBC3902-9CB8-4A1A-A880-64B7BBFFEDC3}"
EndProject
Project("{FAE04EC0-301F-11D3-BF4B-00C04F79EFBC}") = "GenericConstraint", "GenericConstraint\GenericConstraint.csproj", "{FD92AEC0-43EB-4F4C-A554-1037E5907D78}"
EndProject
Project("{FAE04EC0-301F-11D3-BF4B-00C04F79EFBC}") = "HumanAddition", "HumanAddition\HumanAddition.csproj", "{D49A2D45-84CE-44A2-9A0A-754A76757831}"
EndProject
Global
	GlobalSection(SolutionConfigurationPlatforms) = preSolution
		Debug|Any CPU = Debug|Any CPU
		Release|Any CPU = Release|Any CPU
	EndGlobalSection
	GlobalSection(SolutionProperties) = preSolution
		HideSolutionNode = FALSE
	EndGlobalSection
	GlobalSection(ProjectConfigurationPlatforms) = postSolution
		{3AFC0490-C9A3-432E-8D36-0622632F9D3D}.Debug|Any CPU.ActiveCfg = Debug|Any CPU
		{3AFC0490-C9A3-432E-8D36-0622632F9D3D}.Debug|Any CPU.Build.0 = Debug|Any CPU
		{3AFC0490-C9A3-432E-8D36-0622632F9D3D}.Release|Any CPU.ActiveCfg = Release|Any CPU
		{3AFC0490-C9A3-432E-8D36-0622632F9D3D}.Release|Any CPU.Build.0 = Release|Any CPU
		{4BDC8878-13F6-432C-85BC-CDB9602D3EFD}.Debug|Any CPU.ActiveCfg = Debug|Any CPU
		{4BDC8878-13F6-432C-85BC-CDB9602D3EFD}.Debug|Any CPU.Build.0 = Debug|Any CPU
		{4BDC8878-13F6-432C-85BC-CDB9602D3EFD}.Release|Any CPU.ActiveCfg = Release|Any CPU
		{4BDC8878-13F6-432C-85BC-CDB9602D3EFD}.Release|Any CPU.Build.0 = Release|Any CPU
		{9EBF27D7-EC6A-43C2-BCB5-A7D0FD9D652B}.Debug|Any CPU.ActiveCfg = Debug|Any CPU
		{9EBF27D7-EC6A-43C2-BCB5-A7D0FD9D652B}.Debug|Any CPU.Build.0 = Debug|Any CPU
		{9EBF27D7-EC6A-43C2-BCB5-A7D0FD9D652B}.Release|Any CPU.ActiveCfg = Release|Any CPU
		{9EBF27D7-EC6A-43C2-BCB5-A7D0FD9D652B}.Release|Any CPU.Build.0 = Release|Any CPU
		{1526C864-1EA4-4734-AA43-08A76CBB2AF2}.Debug|Any CPU.ActiveCfg = Debug|Any CPU
		{1526C864-1EA4-4734-AA43-08A76CBB2AF2}.Debug|Any CPU.Build.0 = Debug|Any CPU
		{1526C864-1EA4-4734-AA43-08A76CBB2AF2}.Release|Any CPU.ActiveCfg = Release|Any CPU
		{1526C864-1EA4-4734-AA43-08A76CBB2AF2}.Release|Any CPU.Build.0 = Release|Any CPU
		{FE900524-5C1B-4BE1-B876-88696559C987}.Debug|Any CPU.ActiveCfg = Debug|Any CPU
		{FE900524-5C1B-4BE1-B876-88696559C987}.Debug|Any CPU.Build.0 = Debug|Any CPU
		{FE900524-5C1B-4BE1-B876-88696559C987}.Release|Any CPU.ActiveCfg = Release|Any CPU
		{FE900524-5C1B-4BE1-B876-88696559C987}.Release|Any CPU.Build.0 = Release|Any CPU
		{71C46511-B309-4C09-AC0F-339E3429CCED}.Debug|Any CPU.ActiveCfg = Debug|Any CPU
		{71C46511-B309-4C09-AC0F-339E3429CCED}.Debug|Any CPU.Build.0 = Debug|Any CPU
		{71C46511-B309-4C09-AC0F-339E3429CCED}.Release|Any CPU.ActiveCfg = Release|Any CPU
		{71C46511-B309-4C09-AC0F-339E3429CCED}.Release|Any CPU.Build.0 = Release|Any CPU
		{70CEF1D7-B8CC-4057-A013-F5810350AE95}.Debug|Any CPU.ActiveCfg = Debug|Any CPU
		{70CEF1D7-B8CC-4057-A013-F5810350AE95}.Debug|Any CPU.Build.0 = Debug|Any CPU
		{70CEF1D7-B8CC-4057-A013-F5810350AE95}.Release|Any CPU.ActiveCfg = Release|Any CPU
		{70CEF1D7-B8CC-4057-A013-F5810350AE95}.Release|Any CPU.Build.0 = Release|Any CPU
		{D9300FAD-4CA6-40FB-BE79-F85CCCE7CC33}.Debug|Any CPU.ActiveCfg = Debug|Any CPU
		{D9300FAD-4CA6-40FB-BE79-F85CCCE7CC33}.Debug|Any CPU.Build.0 = Debug|Any CPU
		{D9300FAD-4CA6-40FB-BE79-F85CCCE7CC33}.Release|Any CPU.ActiveCfg = Release|Any CPU
		{D9300FAD-4CA6-40FB-BE79-F85CCCE7CC33}.Release|Any CPU.Build.0 = Release|Any CPU
		{C1A39C7E-F478-4BD5-AD5F-9B27C34D30A4}.Debug|Any CPU.ActiveCfg = Debug|Any CPU
		{C1A39C7E-F478-4BD5-AD5F-9B27C34D30A4}.Debug|Any CPU.Build.0 = Debug|Any CPU
		{C1A39C7E-F478-4BD5-AD5F-9B27C34D30A4}.Release|Any CPU.ActiveCfg = Release|Any CPU
		{C1A39C7E-F478-4BD5-AD5F-9B27C34D30A4}.Release|Any CPU.Build.0 = Release|Any CPU
		{62FFD81C-CBA6-4000-AD52-3120830A6829}.Debug|Any CPU.ActiveCfg = Debug|Any CPU
		{62FFD81C-CBA6-4000-AD52-3120830A6829}.Debug|Any CPU.Build.0 = Debug|Any CPU
		{62FFD81C-CBA6-4000-AD52-3120830A6829}.Release|Any CPU.ActiveCfg = Release|Any CPU
		{62FFD81C-CBA6-4000-AD52-3120830A6829}.Release|Any CPU.Build.0 = Release|Any CPU
		{CF421F3E-2CFB-49B1-A561-CBCC698C158E}.Debug|Any CPU.ActiveCfg = Debug|Any CPU
		{CF421F3E-2CFB-49B1-A561-CBCC698C158E}.Debug|Any CPU.Build.0 = Debug|Any CPU
		{CF421F3E-2CFB-49B1-A561-CBCC698C158E}.Release|Any CPU.ActiveCfg = Release|Any CPU
		{CF421F3E-2CFB-49B1-A561-CBCC698C158E}.Release|Any CPU.Build.0 = Release|Any CPU
		{B92A8F3E-3FC8-4E00-9285-399BC6DDD985}.Debug|Any CPU.ActiveCfg = Debug|Any CPU
		{B92A8F3E-3FC8-4E00-9285-399BC6DDD985}.Debug|Any CPU.Build.0 = Debug|Any CPU
		{B92A8F3E-3FC8-4E00-9285-399BC6DDD985}.Release|Any CPU.ActiveCfg = Release|Any CPU
		{B92A8F3E-3FC8-4E00-9285-399BC6DDD985}.Release|Any CPU.Build.0 = Release|Any CPU
		{60D37038-558F-4CCD-846D-463E5CED5EA7}.Debug|Any CPU.ActiveCfg = Debug|Any CPU
		{60D37038-558F-4CCD-846D-463E5CED5EA7}.Debug|Any CPU.Build.0 = Debug|Any CPU
		{60D37038-558F-4CCD-846D-463E5CED5EA7}.Release|Any CPU.ActiveCfg = Release|Any CPU
		{60D37038-558F-4CCD-846D-463E5CED5EA7}.Release|Any CPU.Build.0 = Release|Any CPU
		{3095A1C7-1BBD-4375-8C54-3C0A19E8B362}.Debug|Any CPU.ActiveCfg = Debug|Any CPU
		{3095A1C7-1BBD-4375-8C54-3C0A19E8B362}.Debug|Any CPU.Build.0 = Debug|Any CPU
		{3095A1C7-1BBD-4375-8C54-3C0A19E8B362}.Release|Any CPU.ActiveCfg = Release|Any CPU
		{3095A1C7-1BBD-4375-8C54-3C0A19E8B362}.Release|Any CPU.Build.0 = Release|Any CPU
		{71713F5A-5E75-47B2-9D79-81BA36732A62}.Debug|Any CPU.ActiveCfg = Debug|Any CPU
		{71713F5A-5E75-47B2-9D79-81BA36732A62}.Debug|Any CPU.Build.0 = Debug|Any CPU
		{71713F5A-5E75-47B2-9D79-81BA36732A62}.Release|Any CPU.ActiveCfg = Release|Any CPU
		{71713F5A-5E75-47B2-9D79-81BA36732A62}.Release|Any CPU.Build.0 = Release|Any CPU
		{9BF80414-4EE3-4B0C-9239-59DD6FDA580D}.Debug|Any CPU.ActiveCfg = Debug|Any CPU
		{9BF80414-4EE3-4B0C-9239-59DD6FDA580D}.Debug|Any CPU.Build.0 = Debug|Any CPU
		{9BF80414-4EE3-4B0C-9239-59DD6FDA580D}.Release|Any CPU.ActiveCfg = Release|Any CPU
		{9BF80414-4EE3-4B0C-9239-59DD6FDA580D}.Release|Any CPU.Build.0 = Release|Any CPU
		{AEB27734-0B4C-489F-B7E2-D01B35242A86}.Debug|Any CPU.ActiveCfg = Debug|Any CPU
		{AEB27734-0B4C-489F-B7E2-D01B35242A86}.Debug|Any CPU.Build.0 = Debug|Any CPU
		{AEB27734-0B4C-489F-B7E2-D01B35242A86}.Release|Any CPU.ActiveCfg = Release|Any CPU
		{AEB27734-0B4C-489F-B7E2-D01B35242A86}.Release|Any CPU.Build.0 = Release|Any CPU
		{63DA9BFF-DC05-4918-9448-81E46D506260}.Debug|Any CPU.ActiveCfg = Debug|Any CPU
		{63DA9BFF-DC05-4918-9448-81E46D506260}.Debug|Any CPU.Build.0 = Debug|Any CPU
		{63DA9BFF-DC05-4918-9448-81E46D506260}.Release|Any CPU.ActiveCfg = Release|Any CPU
		{63DA9BFF-DC05-4918-9448-81E46D506260}.Release|Any CPU.Build.0 = Release|Any CPU
		{1250EAC4-F11E-4751-BBDD-55DDD00208C2}.Debug|Any CPU.ActiveCfg = Debug|Any CPU
		{1250EAC4-F11E-4751-BBDD-55DDD00208C2}.Debug|Any CPU.Build.0 = Debug|Any CPU
		{1250EAC4-F11E-4751-BBDD-55DDD00208C2}.Release|Any CPU.ActiveCfg = Release|Any CPU
		{1250EAC4-F11E-4751-BBDD-55DDD00208C2}.Release|Any CPU.Build.0 = Release|Any CPU
		{041B2171-861A-48F4-B22E-4E489281F86B}.Debug|Any CPU.ActiveCfg = Debug|Any CPU
		{041B2171-861A-48F4-B22E-4E489281F86B}.Debug|Any CPU.Build.0 = Debug|Any CPU
		{041B2171-861A-48F4-B22E-4E489281F86B}.Release|Any CPU.ActiveCfg = Release|Any CPU
		{041B2171-861A-48F4-B22E-4E489281F86B}.Release|Any CPU.Build.0 = Release|Any CPU
		{16412D73-68B0-48FA-AB13-702158B58915}.Debug|Any CPU.ActiveCfg = Debug|Any CPU
		{16412D73-68B0-48FA-AB13-702158B58915}.Debug|Any CPU.Build.0 = Debug|Any CPU
		{16412D73-68B0-48FA-AB13-702158B58915}.Release|Any CPU.ActiveCfg = Release|Any CPU
		{16412D73-68B0-48FA-AB13-702158B58915}.Release|Any CPU.Build.0 = Release|Any CPU
		{D2B758A4-5492-4572-99B5-45A0F5AF7162}.Debug|Any CPU.ActiveCfg = Debug|Any CPU
		{D2B758A4-5492-4572-99B5-45A0F5AF7162}.Debug|Any CPU.Build.0 = Debug|Any CPU
		{D2B758A4-5492-4572-99B5-45A0F5AF7162}.Release|Any CPU.ActiveCfg = Release|Any CPU
		{D2B758A4-5492-4572-99B5-45A0F5AF7162}.Release|Any CPU.Build.0 = Release|Any CPU
		{BE0A869E-3FBC-49B9-A339-37BED426F6B0}.Debug|Any CPU.ActiveCfg = Debug|Any CPU
		{BE0A869E-3FBC-49B9-A339-37BED426F6B0}.Debug|Any CPU.Build.0 = Debug|Any CPU
		{BE0A869E-3FBC-49B9-A339-37BED426F6B0}.Release|Any CPU.ActiveCfg = Release|Any CPU
		{BE0A869E-3FBC-49B9-A339-37BED426F6B0}.Release|Any CPU.Build.0 = Release|Any CPU
		{7F641F7C-745E-42AC-80E4-0CBB60894E24}.Debug|Any CPU.ActiveCfg = Debug|Any CPU
		{7F641F7C-745E-42AC-80E4-0CBB60894E24}.Debug|Any CPU.Build.0 = Debug|Any CPU
		{7F641F7C-745E-42AC-80E4-0CBB60894E24}.Release|Any CPU.ActiveCfg = Release|Any CPU
		{7F641F7C-745E-42AC-80E4-0CBB60894E24}.Release|Any CPU.Build.0 = Release|Any CPU
		{69D611EA-2C1E-4181-85BE-6AB16A43CFF1}.Debug|Any CPU.ActiveCfg = Debug|Any CPU
		{69D611EA-2C1E-4181-85BE-6AB16A43CFF1}.Debug|Any CPU.Build.0 = Debug|Any CPU
		{69D611EA-2C1E-4181-85BE-6AB16A43CFF1}.Release|Any CPU.ActiveCfg = Release|Any CPU
		{69D611EA-2C1E-4181-85BE-6AB16A43CFF1}.Release|Any CPU.Build.0 = Release|Any CPU
		{E61A80EA-2A7C-413A-A291-93CB4CA3B508}.Debug|Any CPU.ActiveCfg = Debug|Any CPU
		{E61A80EA-2A7C-413A-A291-93CB4CA3B508}.Debug|Any CPU.Build.0 = Debug|Any CPU
		{E61A80EA-2A7C-413A-A291-93CB4CA3B508}.Release|Any CPU.ActiveCfg = Release|Any CPU
		{E61A80EA-2A7C-413A-A291-93CB4CA3B508}.Release|Any CPU.Build.0 = Release|Any CPU
		{526FD725-684D-4698-BD19-FC79075029B7}.Debug|Any CPU.ActiveCfg = Debug|Any CPU
		{526FD725-684D-4698-BD19-FC79075029B7}.Debug|Any CPU.Build.0 = Debug|Any CPU
		{526FD725-684D-4698-BD19-FC79075029B7}.Release|Any CPU.ActiveCfg = Release|Any CPU
		{526FD725-684D-4698-BD19-FC79075029B7}.Release|Any CPU.Build.0 = Release|Any CPU
		{234BC6F9-DC67-4A61-8346-9A6EE038E229}.Debug|Any CPU.ActiveCfg = Debug|Any CPU
		{234BC6F9-DC67-4A61-8346-9A6EE038E229}.Debug|Any CPU.Build.0 = Debug|Any CPU
		{234BC6F9-DC67-4A61-8346-9A6EE038E229}.Release|Any CPU.ActiveCfg = Release|Any CPU
		{234BC6F9-DC67-4A61-8346-9A6EE038E229}.Release|Any CPU.Build.0 = Release|Any CPU
		{CFF66839-AD0C-42CF-85E0-DCF167729425}.Debug|Any CPU.ActiveCfg = Debug|Any CPU
		{CFF66839-AD0C-42CF-85E0-DCF167729425}.Debug|Any CPU.Build.0 = Debug|Any CPU
		{CFF66839-AD0C-42CF-85E0-DCF167729425}.Release|Any CPU.ActiveCfg = Release|Any CPU
		{CFF66839-AD0C-42CF-85E0-DCF167729425}.Release|Any CPU.Build.0 = Release|Any CPU
		{EF9DBD3D-08AE-4962-8ED0-69625A10D992}.Debug|Any CPU.ActiveCfg = Debug|Any CPU
		{EF9DBD3D-08AE-4962-8ED0-69625A10D992}.Debug|Any CPU.Build.0 = Debug|Any CPU
		{EF9DBD3D-08AE-4962-8ED0-69625A10D992}.Release|Any CPU.ActiveCfg = Release|Any CPU
		{EF9DBD3D-08AE-4962-8ED0-69625A10D992}.Release|Any CPU.Build.0 = Release|Any CPU
		{33BACD2A-F9B1-4933-83AC-4196FE19489D}.Debug|Any CPU.ActiveCfg = Debug|Any CPU
		{33BACD2A-F9B1-4933-83AC-4196FE19489D}.Debug|Any CPU.Build.0 = Debug|Any CPU
		{33BACD2A-F9B1-4933-83AC-4196FE19489D}.Release|Any CPU.ActiveCfg = Release|Any CPU
		{33BACD2A-F9B1-4933-83AC-4196FE19489D}.Release|Any CPU.Build.0 = Release|Any CPU
		{33480845-40FF-4BC4-93A3-E6E6D059495E}.Debug|Any CPU.ActiveCfg = Debug|Any CPU
		{33480845-40FF-4BC4-93A3-E6E6D059495E}.Debug|Any CPU.Build.0 = Debug|Any CPU
		{33480845-40FF-4BC4-93A3-E6E6D059495E}.Release|Any CPU.ActiveCfg = Release|Any CPU
		{33480845-40FF-4BC4-93A3-E6E6D059495E}.Release|Any CPU.Build.0 = Release|Any CPU
		{A6A297EB-0313-4F4F-9D0C-5EFA7CF1655A}.Debug|Any CPU.ActiveCfg = Debug|Any CPU
		{A6A297EB-0313-4F4F-9D0C-5EFA7CF1655A}.Debug|Any CPU.Build.0 = Debug|Any CPU
		{A6A297EB-0313-4F4F-9D0C-5EFA7CF1655A}.Release|Any CPU.ActiveCfg = Release|Any CPU
		{A6A297EB-0313-4F4F-9D0C-5EFA7CF1655A}.Release|Any CPU.Build.0 = Release|Any CPU
		{2F21337E-5154-462C-97FF-D31C539908DA}.Debug|Any CPU.ActiveCfg = Debug|Any CPU
		{2F21337E-5154-462C-97FF-D31C539908DA}.Debug|Any CPU.Build.0 = Debug|Any CPU
		{2F21337E-5154-462C-97FF-D31C539908DA}.Release|Any CPU.ActiveCfg = Release|Any CPU
		{2F21337E-5154-462C-97FF-D31C539908DA}.Release|Any CPU.Build.0 = Release|Any CPU
		{C42057E4-3D18-4807-9D72-01378F3283A3}.Debug|Any CPU.ActiveCfg = Debug|Any CPU
		{C42057E4-3D18-4807-9D72-01378F3283A3}.Debug|Any CPU.Build.0 = Debug|Any CPU
		{C42057E4-3D18-4807-9D72-01378F3283A3}.Release|Any CPU.ActiveCfg = Release|Any CPU
		{C42057E4-3D18-4807-9D72-01378F3283A3}.Release|Any CPU.Build.0 = Release|Any CPU
		{CC761E0A-C085-4012-92A1-0AE277864420}.Debug|Any CPU.ActiveCfg = Debug|Any CPU
		{CC761E0A-C085-4012-92A1-0AE277864420}.Debug|Any CPU.Build.0 = Debug|Any CPU
		{CC761E0A-C085-4012-92A1-0AE277864420}.Release|Any CPU.ActiveCfg = Release|Any CPU
		{CC761E0A-C085-4012-92A1-0AE277864420}.Release|Any CPU.Build.0 = Release|Any CPU
		{086457D9-9F27-45FE-AF81-83E3088ECFCB}.Debug|Any CPU.ActiveCfg = Debug|Any CPU
		{086457D9-9F27-45FE-AF81-83E3088ECFCB}.Debug|Any CPU.Build.0 = Debug|Any CPU
		{086457D9-9F27-45FE-AF81-83E3088ECFCB}.Release|Any CPU.ActiveCfg = Release|Any CPU
		{086457D9-9F27-45FE-AF81-83E3088ECFCB}.Release|Any CPU.Build.0 = Release|Any CPU
		{6B0A242E-AA99-42D7-B93D-1E61658A4D06}.Debug|Any CPU.ActiveCfg = Debug|Any CPU
		{6B0A242E-AA99-42D7-B93D-1E61658A4D06}.Debug|Any CPU.Build.0 = Debug|Any CPU
		{6B0A242E-AA99-42D7-B93D-1E61658A4D06}.Release|Any CPU.ActiveCfg = Release|Any CPU
		{6B0A242E-AA99-42D7-B93D-1E61658A4D06}.Release|Any CPU.Build.0 = Release|Any CPU
		{4CBC3902-9CB8-4A1A-A880-64B7BBFFEDC3}.Debug|Any CPU.ActiveCfg = Debug|Any CPU
		{4CBC3902-9CB8-4A1A-A880-64B7BBFFEDC3}.Debug|Any CPU.Build.0 = Debug|Any CPU
		{4CBC3902-9CB8-4A1A-A880-64B7BBFFEDC3}.Release|Any CPU.ActiveCfg = Release|Any CPU
		{4CBC3902-9CB8-4A1A-A880-64B7BBFFEDC3}.Release|Any CPU.Build.0 = Release|Any CPU
		{FD92AEC0-43EB-4F4C-A554-1037E5907D78}.Debug|Any CPU.ActiveCfg = Debug|Any CPU
		{FD92AEC0-43EB-4F4C-A554-1037E5907D78}.Debug|Any CPU.Build.0 = Debug|Any CPU
		{FD92AEC0-43EB-4F4C-A554-1037E5907D78}.Release|Any CPU.ActiveCfg = Release|Any CPU
		{FD92AEC0-43EB-4F4C-A554-1037E5907D78}.Release|Any CPU.Build.0 = Release|Any CPU
		{D49A2D45-84CE-44A2-9A0A-754A76757831}.Debug|Any CPU.ActiveCfg = Debug|Any CPU
		{D49A2D45-84CE-44A2-9A0A-754A76757831}.Debug|Any CPU.Build.0 = Debug|Any CPU
		{D49A2D45-84CE-44A2-9A0A-754A76757831}.Release|Any CPU.ActiveCfg = Release|Any CPU
		{D49A2D45-84CE-44A2-9A0A-754A76757831}.Release|Any CPU.Build.0 = Release|Any CPU
	EndGlobalSection
	GlobalSection(NestedProjects) = preSolution
		{63DA9BFF-DC05-4918-9448-81E46D506260} = {C8EBB46C-893E-4549-A8E9-220A85E9BC12}
		{16412D73-68B0-48FA-AB13-702158B58915} = {C8EBB46C-893E-4549-A8E9-220A85E9BC12}
		{71713F5A-5E75-47B2-9D79-81BA36732A62} = {C8EBB46C-893E-4549-A8E9-220A85E9BC12}
		{AEB27734-0B4C-489F-B7E2-D01B35242A86} = {C8EBB46C-893E-4549-A8E9-220A85E9BC12}
		{9BF80414-4EE3-4B0C-9239-59DD6FDA580D} = {C8EBB46C-893E-4549-A8E9-220A85E9BC12}
		{7F641F7C-745E-42AC-80E4-0CBB60894E24} = {C8EBB46C-893E-4549-A8E9-220A85E9BC12}
		{69D611EA-2C1E-4181-85BE-6AB16A43CFF1} = {C8EBB46C-893E-4549-A8E9-220A85E9BC12}
		{1250EAC4-F11E-4751-BBDD-55DDD00208C2} = {C8EBB46C-893E-4549-A8E9-220A85E9BC12}
		{041B2171-861A-48F4-B22E-4E489281F86B} = {C8EBB46C-893E-4549-A8E9-220A85E9BC12}
		{D2B758A4-5492-4572-99B5-45A0F5AF7162} = {C8EBB46C-893E-4549-A8E9-220A85E9BC12}
		{BE0A869E-3FBC-49B9-A339-37BED426F6B0} = {C8EBB46C-893E-4549-A8E9-220A85E9BC12}
		{CF421F3E-2CFB-49B1-A561-CBCC698C158E} = {CE692B17-D481-451B-AC10-15327283AC94}
		{B92A8F3E-3FC8-4E00-9285-399BC6DDD985} = {CE692B17-D481-451B-AC10-15327283AC94}
		{3095A1C7-1BBD-4375-8C54-3C0A19E8B362} = {CE692B17-D481-451B-AC10-15327283AC94}
		{62FFD81C-CBA6-4000-AD52-3120830A6829} = {CE692B17-D481-451B-AC10-15327283AC94}
		{60D37038-558F-4CCD-846D-463E5CED5EA7} = {CE692B17-D481-451B-AC10-15327283AC94}
		{C1A39C7E-F478-4BD5-AD5F-9B27C34D30A4} = {CE692B17-D481-451B-AC10-15327283AC94}
		{D9300FAD-4CA6-40FB-BE79-F85CCCE7CC33} = {CE692B17-D481-451B-AC10-15327283AC94}
		{70CEF1D7-B8CC-4057-A013-F5810350AE95} = {CE692B17-D481-451B-AC10-15327283AC94}
		{71C46511-B309-4C09-AC0F-339E3429CCED} = {CE692B17-D481-451B-AC10-15327283AC94}
		{9EBF27D7-EC6A-43C2-BCB5-A7D0FD9D652B} = {CE692B17-D481-451B-AC10-15327283AC94}
		{4BDC8878-13F6-432C-85BC-CDB9602D3EFD} = {CE692B17-D481-451B-AC10-15327283AC94}
		{3AFC0490-C9A3-432E-8D36-0622632F9D3D} = {CE692B17-D481-451B-AC10-15327283AC94}
		{FE900524-5C1B-4BE1-B876-88696559C987} = {61C346AD-8B10-44A2-8D70-95BE3E84881D}
		{1526C864-1EA4-4734-AA43-08A76CBB2AF2} = {61C346AD-8B10-44A2-8D70-95BE3E84881D}
	EndGlobalSection
EndGlobal
